// !$*UTF8*$!
{
	archiveVersion = 1;
	classes = {
	};
	objectVersion = 46;
	objects = {

/* Begin PBXBuildFile section */
		410378F81C8A873A0064FCD0 /* ProtocolTests.swift in Sources */ = {isa = PBXBuildFile; fileRef = 410378F71C8A873A0064FCD0 /* ProtocolTests.swift */; };
		412945421C8C9111005897CA /* Multi_Connections.swift in Sources */ = {isa = PBXBuildFile; fileRef = 412945411C8C9111005897CA /* Multi_Connections.swift */; };
		41414BC51C8F418D0018F2C6 /* Application.swift in Sources */ = {isa = PBXBuildFile; fileRef = 41414BA31C8F418D0018F2C6 /* Application.swift */; };
		41414BC61C8F418D0018F2C6 /* Application.swift in Sources */ = {isa = PBXBuildFile; fileRef = 41414BA31C8F418D0018F2C6 /* Application.swift */; };
		41414BC71C8F418D0018F2C6 /* Application.swift in Sources */ = {isa = PBXBuildFile; fileRef = 41414BA31C8F418D0018F2C6 /* Application.swift */; };
		41414BC81C8F418D0018F2C6 /* Application.swift in Sources */ = {isa = PBXBuildFile; fileRef = 41414BA31C8F418D0018F2C6 /* Application.swift */; };
		41414BC91C8F418D0018F2C6 /* Connection.swift in Sources */ = {isa = PBXBuildFile; fileRef = 41414BA51C8F418D0018F2C6 /* Connection.swift */; };
		41414BCA1C8F418D0018F2C6 /* Connection.swift in Sources */ = {isa = PBXBuildFile; fileRef = 41414BA51C8F418D0018F2C6 /* Connection.swift */; };
		41414BCB1C8F418D0018F2C6 /* Connection.swift in Sources */ = {isa = PBXBuildFile; fileRef = 41414BA51C8F418D0018F2C6 /* Connection.swift */; };
		41414BCC1C8F418D0018F2C6 /* Connection.swift in Sources */ = {isa = PBXBuildFile; fileRef = 41414BA51C8F418D0018F2C6 /* Connection.swift */; };
		41414BCD1C8F418D0018F2C6 /* MultiplexConnection.swift in Sources */ = {isa = PBXBuildFile; fileRef = 41414BA61C8F418D0018F2C6 /* MultiplexConnection.swift */; };
		41414BCE1C8F418D0018F2C6 /* MultiplexConnection.swift in Sources */ = {isa = PBXBuildFile; fileRef = 41414BA61C8F418D0018F2C6 /* MultiplexConnection.swift */; };
		41414BCF1C8F418D0018F2C6 /* MultiplexConnection.swift in Sources */ = {isa = PBXBuildFile; fileRef = 41414BA61C8F418D0018F2C6 /* MultiplexConnection.swift */; };
		41414BD01C8F418D0018F2C6 /* MultiplexConnection.swift in Sources */ = {isa = PBXBuildFile; fileRef = 41414BA61C8F418D0018F2C6 /* MultiplexConnection.swift */; };
		41414BD11C8F418D0018F2C6 /* RawConnection.swift in Sources */ = {isa = PBXBuildFile; fileRef = 41414BA71C8F418D0018F2C6 /* RawConnection.swift */; };
		41414BD21C8F418D0018F2C6 /* RawConnection.swift in Sources */ = {isa = PBXBuildFile; fileRef = 41414BA71C8F418D0018F2C6 /* RawConnection.swift */; };
		41414BD31C8F418D0018F2C6 /* RawConnection.swift in Sources */ = {isa = PBXBuildFile; fileRef = 41414BA71C8F418D0018F2C6 /* RawConnection.swift */; };
		41414BD41C8F418D0018F2C6 /* RawConnection.swift in Sources */ = {isa = PBXBuildFile; fileRef = 41414BA71C8F418D0018F2C6 /* RawConnection.swift */; };
		41414BD51C8F418D0018F2C6 /* SingleConnection.swift in Sources */ = {isa = PBXBuildFile; fileRef = 41414BA81C8F418D0018F2C6 /* SingleConnection.swift */; };
		41414BD61C8F418D0018F2C6 /* SingleConnection.swift in Sources */ = {isa = PBXBuildFile; fileRef = 41414BA81C8F418D0018F2C6 /* SingleConnection.swift */; };
		41414BD71C8F418D0018F2C6 /* SingleConnection.swift in Sources */ = {isa = PBXBuildFile; fileRef = 41414BA81C8F418D0018F2C6 /* SingleConnection.swift */; };
		41414BD81C8F418D0018F2C6 /* SingleConnection.swift in Sources */ = {isa = PBXBuildFile; fileRef = 41414BA81C8F418D0018F2C6 /* SingleConnection.swift */; };
		41414BD91C8F418D0018F2C6 /* Exception.swift in Sources */ = {isa = PBXBuildFile; fileRef = 41414BA91C8F418D0018F2C6 /* Exception.swift */; };
		41414BDA1C8F418D0018F2C6 /* Exception.swift in Sources */ = {isa = PBXBuildFile; fileRef = 41414BA91C8F418D0018F2C6 /* Exception.swift */; };
		41414BDB1C8F418D0018F2C6 /* Exception.swift in Sources */ = {isa = PBXBuildFile; fileRef = 41414BA91C8F418D0018F2C6 /* Exception.swift */; };
		41414BDC1C8F418D0018F2C6 /* Exception.swift in Sources */ = {isa = PBXBuildFile; fileRef = 41414BA91C8F418D0018F2C6 /* Exception.swift */; };
		41414BDD1C8F418D0018F2C6 /* BufferedInputStorage.swift in Sources */ = {isa = PBXBuildFile; fileRef = 41414BAB1C8F418D0018F2C6 /* BufferedInputStorage.swift */; };
		41414BDE1C8F418D0018F2C6 /* BufferedInputStorage.swift in Sources */ = {isa = PBXBuildFile; fileRef = 41414BAB1C8F418D0018F2C6 /* BufferedInputStorage.swift */; };
		41414BDF1C8F418D0018F2C6 /* BufferedInputStorage.swift in Sources */ = {isa = PBXBuildFile; fileRef = 41414BAB1C8F418D0018F2C6 /* BufferedInputStorage.swift */; };
		41414BE01C8F418D0018F2C6 /* BufferedInputStorage.swift in Sources */ = {isa = PBXBuildFile; fileRef = 41414BAB1C8F418D0018F2C6 /* BufferedInputStorage.swift */; };
		41414BE11C8F418D0018F2C6 /* InputStorage.swift in Sources */ = {isa = PBXBuildFile; fileRef = 41414BAC1C8F418D0018F2C6 /* InputStorage.swift */; };
		41414BE21C8F418D0018F2C6 /* InputStorage.swift in Sources */ = {isa = PBXBuildFile; fileRef = 41414BAC1C8F418D0018F2C6 /* InputStorage.swift */; };
		41414BE31C8F418D0018F2C6 /* InputStorage.swift in Sources */ = {isa = PBXBuildFile; fileRef = 41414BAC1C8F418D0018F2C6 /* InputStorage.swift */; };
		41414BE41C8F418D0018F2C6 /* InputStorage.swift in Sources */ = {isa = PBXBuildFile; fileRef = 41414BAC1C8F418D0018F2C6 /* InputStorage.swift */; };
		41414BE51C8F418D0018F2C6 /* InputStream.swift in Sources */ = {isa = PBXBuildFile; fileRef = 41414BAE1C8F418D0018F2C6 /* InputStream.swift */; };
		41414BE61C8F418D0018F2C6 /* InputStream.swift in Sources */ = {isa = PBXBuildFile; fileRef = 41414BAE1C8F418D0018F2C6 /* InputStream.swift */; };
		41414BE71C8F418D0018F2C6 /* InputStream.swift in Sources */ = {isa = PBXBuildFile; fileRef = 41414BAE1C8F418D0018F2C6 /* InputStream.swift */; };
		41414BE81C8F418D0018F2C6 /* InputStream.swift in Sources */ = {isa = PBXBuildFile; fileRef = 41414BAE1C8F418D0018F2C6 /* InputStream.swift */; };
		41414BE91C8F418D0018F2C6 /* RawInputStream.swift in Sources */ = {isa = PBXBuildFile; fileRef = 41414BAF1C8F418D0018F2C6 /* RawInputStream.swift */; };
		41414BEA1C8F418D0018F2C6 /* RawInputStream.swift in Sources */ = {isa = PBXBuildFile; fileRef = 41414BAF1C8F418D0018F2C6 /* RawInputStream.swift */; };
		41414BEB1C8F418D0018F2C6 /* RawInputStream.swift in Sources */ = {isa = PBXBuildFile; fileRef = 41414BAF1C8F418D0018F2C6 /* RawInputStream.swift */; };
		41414BEC1C8F418D0018F2C6 /* RawInputStream.swift in Sources */ = {isa = PBXBuildFile; fileRef = 41414BAF1C8F418D0018F2C6 /* RawInputStream.swift */; };
		41414BED1C8F418D0018F2C6 /* BufferedOutputStorage.swift in Sources */ = {isa = PBXBuildFile; fileRef = 41414BB11C8F418D0018F2C6 /* BufferedOutputStorage.swift */; };
		41414BEE1C8F418D0018F2C6 /* BufferedOutputStorage.swift in Sources */ = {isa = PBXBuildFile; fileRef = 41414BB11C8F418D0018F2C6 /* BufferedOutputStorage.swift */; };
		41414BEF1C8F418D0018F2C6 /* BufferedOutputStorage.swift in Sources */ = {isa = PBXBuildFile; fileRef = 41414BB11C8F418D0018F2C6 /* BufferedOutputStorage.swift */; };
		41414BF01C8F418D0018F2C6 /* BufferedOutputStorage.swift in Sources */ = {isa = PBXBuildFile; fileRef = 41414BB11C8F418D0018F2C6 /* BufferedOutputStorage.swift */; };
		41414BF11C8F418D0018F2C6 /* OutputStorage.swift in Sources */ = {isa = PBXBuildFile; fileRef = 41414BB21C8F418D0018F2C6 /* OutputStorage.swift */; };
		41414BF21C8F418D0018F2C6 /* OutputStorage.swift in Sources */ = {isa = PBXBuildFile; fileRef = 41414BB21C8F418D0018F2C6 /* OutputStorage.swift */; };
		41414BF31C8F418D0018F2C6 /* OutputStorage.swift in Sources */ = {isa = PBXBuildFile; fileRef = 41414BB21C8F418D0018F2C6 /* OutputStorage.swift */; };
		41414BF41C8F418D0018F2C6 /* OutputStorage.swift in Sources */ = {isa = PBXBuildFile; fileRef = 41414BB21C8F418D0018F2C6 /* OutputStorage.swift */; };
		41414BF51C8F418D0018F2C6 /* OutputStream.swift in Sources */ = {isa = PBXBuildFile; fileRef = 41414BB41C8F418D0018F2C6 /* OutputStream.swift */; };
		41414BF61C8F418D0018F2C6 /* OutputStream.swift in Sources */ = {isa = PBXBuildFile; fileRef = 41414BB41C8F418D0018F2C6 /* OutputStream.swift */; };
		41414BF71C8F418D0018F2C6 /* OutputStream.swift in Sources */ = {isa = PBXBuildFile; fileRef = 41414BB41C8F418D0018F2C6 /* OutputStream.swift */; };
		41414BF81C8F418D0018F2C6 /* OutputStream.swift in Sources */ = {isa = PBXBuildFile; fileRef = 41414BB41C8F418D0018F2C6 /* OutputStream.swift */; };
		41414BF91C8F418D0018F2C6 /* RawOutputStream.swift in Sources */ = {isa = PBXBuildFile; fileRef = 41414BB51C8F418D0018F2C6 /* RawOutputStream.swift */; };
		41414BFA1C8F418D0018F2C6 /* RawOutputStream.swift in Sources */ = {isa = PBXBuildFile; fileRef = 41414BB51C8F418D0018F2C6 /* RawOutputStream.swift */; };
		41414BFB1C8F418D0018F2C6 /* RawOutputStream.swift in Sources */ = {isa = PBXBuildFile; fileRef = 41414BB51C8F418D0018F2C6 /* RawOutputStream.swift */; };
		41414BFC1C8F418D0018F2C6 /* RawOutputStream.swift in Sources */ = {isa = PBXBuildFile; fileRef = 41414BB51C8F418D0018F2C6 /* RawOutputStream.swift */; };
		41414BFD1C8F418D0018F2C6 /* CGIRequest.swift in Sources */ = {isa = PBXBuildFile; fileRef = 41414BB71C8F418D0018F2C6 /* CGIRequest.swift */; };
		41414BFE1C8F418D0018F2C6 /* CGIRequest.swift in Sources */ = {isa = PBXBuildFile; fileRef = 41414BB71C8F418D0018F2C6 /* CGIRequest.swift */; };
		41414BFF1C8F418D0018F2C6 /* CGIRequest.swift in Sources */ = {isa = PBXBuildFile; fileRef = 41414BB71C8F418D0018F2C6 /* CGIRequest.swift */; };
		41414C001C8F418D0018F2C6 /* CGIRequest.swift in Sources */ = {isa = PBXBuildFile; fileRef = 41414BB71C8F418D0018F2C6 /* CGIRequest.swift */; };
		41414C011C8F418D0018F2C6 /* Environment.swift in Sources */ = {isa = PBXBuildFile; fileRef = 41414BB81C8F418D0018F2C6 /* Environment.swift */; };
		41414C021C8F418D0018F2C6 /* Environment.swift in Sources */ = {isa = PBXBuildFile; fileRef = 41414BB81C8F418D0018F2C6 /* Environment.swift */; };
		41414C031C8F418D0018F2C6 /* Environment.swift in Sources */ = {isa = PBXBuildFile; fileRef = 41414BB81C8F418D0018F2C6 /* Environment.swift */; };
		41414C041C8F418D0018F2C6 /* Environment.swift in Sources */ = {isa = PBXBuildFile; fileRef = 41414BB81C8F418D0018F2C6 /* Environment.swift */; };
		41414C051C8F418D0018F2C6 /* FCGIRequest.swift in Sources */ = {isa = PBXBuildFile; fileRef = 41414BB91C8F418D0018F2C6 /* FCGIRequest.swift */; };
		41414C061C8F418D0018F2C6 /* FCGIRequest.swift in Sources */ = {isa = PBXBuildFile; fileRef = 41414BB91C8F418D0018F2C6 /* FCGIRequest.swift */; };
		41414C071C8F418D0018F2C6 /* FCGIRequest.swift in Sources */ = {isa = PBXBuildFile; fileRef = 41414BB91C8F418D0018F2C6 /* FCGIRequest.swift */; };
		41414C081C8F418D0018F2C6 /* FCGIRequest.swift in Sources */ = {isa = PBXBuildFile; fileRef = 41414BB91C8F418D0018F2C6 /* FCGIRequest.swift */; };
		41414C091C8F418D0018F2C6 /* ProtocolConstant.swift in Sources */ = {isa = PBXBuildFile; fileRef = 41414BBA1C8F418D0018F2C6 /* ProtocolConstant.swift */; };
		41414C0A1C8F418D0018F2C6 /* ProtocolConstant.swift in Sources */ = {isa = PBXBuildFile; fileRef = 41414BBA1C8F418D0018F2C6 /* ProtocolConstant.swift */; };
		41414C0B1C8F418D0018F2C6 /* ProtocolConstant.swift in Sources */ = {isa = PBXBuildFile; fileRef = 41414BBA1C8F418D0018F2C6 /* ProtocolConstant.swift */; };
		41414C0C1C8F418D0018F2C6 /* ProtocolConstant.swift in Sources */ = {isa = PBXBuildFile; fileRef = 41414BBA1C8F418D0018F2C6 /* ProtocolConstant.swift */; };
		41414C0D1C8F418D0018F2C6 /* Record.swift in Sources */ = {isa = PBXBuildFile; fileRef = 41414BBB1C8F418D0018F2C6 /* Record.swift */; };
		41414C0E1C8F418D0018F2C6 /* Record.swift in Sources */ = {isa = PBXBuildFile; fileRef = 41414BBB1C8F418D0018F2C6 /* Record.swift */; };
		41414C0F1C8F418D0018F2C6 /* Record.swift in Sources */ = {isa = PBXBuildFile; fileRef = 41414BBB1C8F418D0018F2C6 /* Record.swift */; };
		41414C101C8F418D0018F2C6 /* Record.swift in Sources */ = {isa = PBXBuildFile; fileRef = 41414BBB1C8F418D0018F2C6 /* Record.swift */; };
		41414C111C8F418D0018F2C6 /* Request.swift in Sources */ = {isa = PBXBuildFile; fileRef = 41414BBC1C8F418D0018F2C6 /* Request.swift */; };
		41414C121C8F418D0018F2C6 /* Request.swift in Sources */ = {isa = PBXBuildFile; fileRef = 41414BBC1C8F418D0018F2C6 /* Request.swift */; };
		41414C131C8F418D0018F2C6 /* Request.swift in Sources */ = {isa = PBXBuildFile; fileRef = 41414BBC1C8F418D0018F2C6 /* Request.swift */; };
		41414C141C8F418D0018F2C6 /* Request.swift in Sources */ = {isa = PBXBuildFile; fileRef = 41414BBC1C8F418D0018F2C6 /* Request.swift */; };
		41414C151C8F418D0018F2C6 /* CGIServer.swift in Sources */ = {isa = PBXBuildFile; fileRef = 41414BBE1C8F418D0018F2C6 /* CGIServer.swift */; };
		41414C161C8F418D0018F2C6 /* CGIServer.swift in Sources */ = {isa = PBXBuildFile; fileRef = 41414BBE1C8F418D0018F2C6 /* CGIServer.swift */; };
		41414C171C8F418D0018F2C6 /* CGIServer.swift in Sources */ = {isa = PBXBuildFile; fileRef = 41414BBE1C8F418D0018F2C6 /* CGIServer.swift */; };
		41414C181C8F418D0018F2C6 /* CGIServer.swift in Sources */ = {isa = PBXBuildFile; fileRef = 41414BBE1C8F418D0018F2C6 /* CGIServer.swift */; };
		41414C191C8F418D0018F2C6 /* FCGIServer.swift in Sources */ = {isa = PBXBuildFile; fileRef = 41414BBF1C8F418D0018F2C6 /* FCGIServer.swift */; };
		41414C1A1C8F418D0018F2C6 /* FCGIServer.swift in Sources */ = {isa = PBXBuildFile; fileRef = 41414BBF1C8F418D0018F2C6 /* FCGIServer.swift */; };
		41414C1B1C8F418D0018F2C6 /* FCGIServer.swift in Sources */ = {isa = PBXBuildFile; fileRef = 41414BBF1C8F418D0018F2C6 /* FCGIServer.swift */; };
		41414C1C1C8F418D0018F2C6 /* FCGIServer.swift in Sources */ = {isa = PBXBuildFile; fileRef = 41414BBF1C8F418D0018F2C6 /* FCGIServer.swift */; };
		41414C1D1C8F418D0018F2C6 /* Server.swift in Sources */ = {isa = PBXBuildFile; fileRef = 41414BC01C8F418D0018F2C6 /* Server.swift */; };
		41414C1E1C8F418D0018F2C6 /* Server.swift in Sources */ = {isa = PBXBuildFile; fileRef = 41414BC01C8F418D0018F2C6 /* Server.swift */; };
		41414C1F1C8F418D0018F2C6 /* Server.swift in Sources */ = {isa = PBXBuildFile; fileRef = 41414BC01C8F418D0018F2C6 /* Server.swift */; };
		41414C201C8F418D0018F2C6 /* Server.swift in Sources */ = {isa = PBXBuildFile; fileRef = 41414BC01C8F418D0018F2C6 /* Server.swift */; };
		41414C211C8F418D0018F2C6 /* Socket.swift in Sources */ = {isa = PBXBuildFile; fileRef = 41414BC21C8F418D0018F2C6 /* Socket.swift */; };
		41414C221C8F418D0018F2C6 /* Socket.swift in Sources */ = {isa = PBXBuildFile; fileRef = 41414BC21C8F418D0018F2C6 /* Socket.swift */; };
		41414C231C8F418D0018F2C6 /* Socket.swift in Sources */ = {isa = PBXBuildFile; fileRef = 41414BC21C8F418D0018F2C6 /* Socket.swift */; };
		41414C241C8F418D0018F2C6 /* Socket.swift in Sources */ = {isa = PBXBuildFile; fileRef = 41414BC21C8F418D0018F2C6 /* Socket.swift */; };
		41414C251C8F418D0018F2C6 /* String+BytesConvert.swift in Sources */ = {isa = PBXBuildFile; fileRef = 41414BC31C8F418D0018F2C6 /* String+BytesConvert.swift */; };
		41414C261C8F418D0018F2C6 /* String+BytesConvert.swift in Sources */ = {isa = PBXBuildFile; fileRef = 41414BC31C8F418D0018F2C6 /* String+BytesConvert.swift */; };
		41414C271C8F418D0018F2C6 /* String+BytesConvert.swift in Sources */ = {isa = PBXBuildFile; fileRef = 41414BC31C8F418D0018F2C6 /* String+BytesConvert.swift */; };
		41414C281C8F418D0018F2C6 /* String+BytesConvert.swift in Sources */ = {isa = PBXBuildFile; fileRef = 41414BC31C8F418D0018F2C6 /* String+BytesConvert.swift */; };
		41414C291C8F418D0018F2C6 /* Utils.swift in Sources */ = {isa = PBXBuildFile; fileRef = 41414BC41C8F418D0018F2C6 /* Utils.swift */; };
		41414C2A1C8F418D0018F2C6 /* Utils.swift in Sources */ = {isa = PBXBuildFile; fileRef = 41414BC41C8F418D0018F2C6 /* Utils.swift */; };
		41414C2B1C8F418D0018F2C6 /* Utils.swift in Sources */ = {isa = PBXBuildFile; fileRef = 41414BC41C8F418D0018F2C6 /* Utils.swift */; };
		41414C2C1C8F418D0018F2C6 /* Utils.swift in Sources */ = {isa = PBXBuildFile; fileRef = 41414BC41C8F418D0018F2C6 /* Utils.swift */; };
		41EE36501C87F4740091844C /* main.swift in Sources */ = {isa = PBXBuildFile; fileRef = 41EE364F1C87F4740091844C /* main.swift */; };
		41EE36801C87F4F20091844C /* UnitTests.swift in Sources */ = {isa = PBXBuildFile; fileRef = 41EE367F1C87F4F20091844C /* UnitTests.swift */; };
		41F5AF631C8D51AA0071C8AE /* CGITests.swift in Sources */ = {isa = PBXBuildFile; fileRef = 41F5AF621C8D51AA0071C8AE /* CGITests.swift */; };
/* End PBXBuildFile section */

/* Begin PBXCopyFilesBuildPhase section */
		41EE364A1C87F4740091844C /* CopyFiles */ = {
			isa = PBXCopyFilesBuildPhase;
			buildActionMask = 2147483647;
			dstPath = /usr/share/man/man1/;
			dstSubfolderSpec = 0;
			files = (
			);
			runOnlyForDeploymentPostprocessing = 1;
		};
		41EE369B1C8817110091844C /* CopyFiles */ = {
			isa = PBXCopyFilesBuildPhase;
			buildActionMask = 2147483647;
			dstPath = /usr/share/man/man1/;
			dstSubfolderSpec = 0;
			files = (
			);
			runOnlyForDeploymentPostprocessing = 1;
		};
/* End PBXCopyFilesBuildPhase section */

/* Begin PBXFileReference section */
		410378D41C8A858C0064FCD0 /* LocalTesting.xctest */ = {isa = PBXFileReference; explicitFileType = wrapper.cfbundle; includeInIndex = 0; path = LocalTesting.xctest; sourceTree = BUILT_PRODUCTS_DIR; };
		410378F51C8A873A0064FCD0 /* ProtocolTests.xctest */ = {isa = PBXFileReference; explicitFileType = wrapper.cfbundle; includeInIndex = 0; path = ProtocolTests.xctest; sourceTree = BUILT_PRODUCTS_DIR; };
		410378F71C8A873A0064FCD0 /* ProtocolTests.swift */ = {isa = PBXFileReference; lastKnownFileType = sourcecode.swift; path = ProtocolTests.swift; sourceTree = "<group>"; };
		410378F91C8A873A0064FCD0 /* Info.plist */ = {isa = PBXFileReference; lastKnownFileType = text.plist.xml; path = Info.plist; sourceTree = "<group>"; };
		412945411C8C9111005897CA /* Multi_Connections.swift */ = {isa = PBXFileReference; fileEncoding = 4; lastKnownFileType = sourcecode.swift; path = Multi_Connections.swift; sourceTree = "<group>"; };
		41414BA31C8F418D0018F2C6 /* Application.swift */ = {isa = PBXFileReference; fileEncoding = 4; lastKnownFileType = sourcecode.swift; path = Application.swift; sourceTree = "<group>"; };
		41414BA51C8F418D0018F2C6 /* Connection.swift */ = {isa = PBXFileReference; fileEncoding = 4; lastKnownFileType = sourcecode.swift; path = Connection.swift; sourceTree = "<group>"; };
		41414BA61C8F418D0018F2C6 /* MultiplexConnection.swift */ = {isa = PBXFileReference; fileEncoding = 4; lastKnownFileType = sourcecode.swift; path = MultiplexConnection.swift; sourceTree = "<group>"; };
		41414BA71C8F418D0018F2C6 /* RawConnection.swift */ = {isa = PBXFileReference; fileEncoding = 4; lastKnownFileType = sourcecode.swift; path = RawConnection.swift; sourceTree = "<group>"; };
		41414BA81C8F418D0018F2C6 /* SingleConnection.swift */ = {isa = PBXFileReference; fileEncoding = 4; lastKnownFileType = sourcecode.swift; path = SingleConnection.swift; sourceTree = "<group>"; };
		41414BA91C8F418D0018F2C6 /* Exception.swift */ = {isa = PBXFileReference; fileEncoding = 4; lastKnownFileType = sourcecode.swift; path = Exception.swift; sourceTree = "<group>"; };
		41414BAB1C8F418D0018F2C6 /* BufferedInputStorage.swift */ = {isa = PBXFileReference; fileEncoding = 4; lastKnownFileType = sourcecode.swift; path = BufferedInputStorage.swift; sourceTree = "<group>"; };
		41414BAC1C8F418D0018F2C6 /* InputStorage.swift */ = {isa = PBXFileReference; fileEncoding = 4; lastKnownFileType = sourcecode.swift; path = InputStorage.swift; sourceTree = "<group>"; };
		41414BAE1C8F418D0018F2C6 /* InputStream.swift */ = {isa = PBXFileReference; fileEncoding = 4; lastKnownFileType = sourcecode.swift; path = InputStream.swift; sourceTree = "<group>"; };
		41414BAF1C8F418D0018F2C6 /* RawInputStream.swift */ = {isa = PBXFileReference; fileEncoding = 4; lastKnownFileType = sourcecode.swift; path = RawInputStream.swift; sourceTree = "<group>"; };
		41414BB11C8F418D0018F2C6 /* BufferedOutputStorage.swift */ = {isa = PBXFileReference; fileEncoding = 4; lastKnownFileType = sourcecode.swift; path = BufferedOutputStorage.swift; sourceTree = "<group>"; };
		41414BB21C8F418D0018F2C6 /* OutputStorage.swift */ = {isa = PBXFileReference; fileEncoding = 4; lastKnownFileType = sourcecode.swift; path = OutputStorage.swift; sourceTree = "<group>"; };
		41414BB41C8F418D0018F2C6 /* OutputStream.swift */ = {isa = PBXFileReference; fileEncoding = 4; lastKnownFileType = sourcecode.swift; path = OutputStream.swift; sourceTree = "<group>"; };
		41414BB51C8F418D0018F2C6 /* RawOutputStream.swift */ = {isa = PBXFileReference; fileEncoding = 4; lastKnownFileType = sourcecode.swift; path = RawOutputStream.swift; sourceTree = "<group>"; };
		41414BB71C8F418D0018F2C6 /* CGIRequest.swift */ = {isa = PBXFileReference; fileEncoding = 4; lastKnownFileType = sourcecode.swift; path = CGIRequest.swift; sourceTree = "<group>"; };
		41414BB81C8F418D0018F2C6 /* Environment.swift */ = {isa = PBXFileReference; fileEncoding = 4; lastKnownFileType = sourcecode.swift; path = Environment.swift; sourceTree = "<group>"; };
		41414BB91C8F418D0018F2C6 /* FCGIRequest.swift */ = {isa = PBXFileReference; fileEncoding = 4; lastKnownFileType = sourcecode.swift; path = FCGIRequest.swift; sourceTree = "<group>"; };
		41414BBA1C8F418D0018F2C6 /* ProtocolConstant.swift */ = {isa = PBXFileReference; fileEncoding = 4; lastKnownFileType = sourcecode.swift; path = ProtocolConstant.swift; sourceTree = "<group>"; };
		41414BBB1C8F418D0018F2C6 /* Record.swift */ = {isa = PBXFileReference; fileEncoding = 4; lastKnownFileType = sourcecode.swift; path = Record.swift; sourceTree = "<group>"; };
		41414BBC1C8F418D0018F2C6 /* Request.swift */ = {isa = PBXFileReference; fileEncoding = 4; lastKnownFileType = sourcecode.swift; path = Request.swift; sourceTree = "<group>"; };
		41414BBE1C8F418D0018F2C6 /* CGIServer.swift */ = {isa = PBXFileReference; fileEncoding = 4; lastKnownFileType = sourcecode.swift; path = CGIServer.swift; sourceTree = "<group>"; };
		41414BBF1C8F418D0018F2C6 /* FCGIServer.swift */ = {isa = PBXFileReference; fileEncoding = 4; lastKnownFileType = sourcecode.swift; path = FCGIServer.swift; sourceTree = "<group>"; };
		41414BC01C8F418D0018F2C6 /* Server.swift */ = {isa = PBXFileReference; fileEncoding = 4; lastKnownFileType = sourcecode.swift; path = Server.swift; sourceTree = "<group>"; };
		41414BC21C8F418D0018F2C6 /* Socket.swift */ = {isa = PBXFileReference; fileEncoding = 4; lastKnownFileType = sourcecode.swift; path = Socket.swift; sourceTree = "<group>"; };
		41414BC31C8F418D0018F2C6 /* String+BytesConvert.swift */ = {isa = PBXFileReference; fileEncoding = 4; lastKnownFileType = sourcecode.swift; path = "String+BytesConvert.swift"; sourceTree = "<group>"; };
		41414BC41C8F418D0018F2C6 /* Utils.swift */ = {isa = PBXFileReference; fileEncoding = 4; lastKnownFileType = sourcecode.swift; path = Utils.swift; sourceTree = "<group>"; };
		41EE364C1C87F4740091844C /* XcodeProject */ = {isa = PBXFileReference; explicitFileType = "compiled.mach-o.executable"; includeInIndex = 0; path = XcodeProject; sourceTree = BUILT_PRODUCTS_DIR; };
		41EE364F1C87F4740091844C /* main.swift */ = {isa = PBXFileReference; lastKnownFileType = sourcecode.swift; path = main.swift; sourceTree = "<group>"; };
		41EE367D1C87F4F20091844C /* UnitTests.xctest */ = {isa = PBXFileReference; explicitFileType = wrapper.cfbundle; includeInIndex = 0; path = UnitTests.xctest; sourceTree = BUILT_PRODUCTS_DIR; };
		41EE367F1C87F4F20091844C /* UnitTests.swift */ = {isa = PBXFileReference; lastKnownFileType = sourcecode.swift; path = UnitTests.swift; sourceTree = "<group>"; };
		41EE36811C87F4F20091844C /* Info.plist */ = {isa = PBXFileReference; lastKnownFileType = text.plist.xml; path = Info.plist; sourceTree = "<group>"; };
		41EE369D1C8817110091844C /* SimpleClient */ = {isa = PBXFileReference; explicitFileType = "compiled.mach-o.executable"; includeInIndex = 0; path = SimpleClient; sourceTree = BUILT_PRODUCTS_DIR; };
		41F5AF621C8D51AA0071C8AE /* CGITests.swift */ = {isa = PBXFileReference; fileEncoding = 4; lastKnownFileType = sourcecode.swift; path = CGITests.swift; sourceTree = "<group>"; };
/* End PBXFileReference section */

/* Begin PBXFrameworksBuildPhase section */
		410378D11C8A858C0064FCD0 /* Frameworks */ = {
			isa = PBXFrameworksBuildPhase;
			buildActionMask = 2147483647;
			files = (
			);
			runOnlyForDeploymentPostprocessing = 0;
		};
		410378F21C8A873A0064FCD0 /* Frameworks */ = {
			isa = PBXFrameworksBuildPhase;
			buildActionMask = 2147483647;
			files = (
			);
			runOnlyForDeploymentPostprocessing = 0;
		};
		41EE36491C87F4740091844C /* Frameworks */ = {
			isa = PBXFrameworksBuildPhase;
			buildActionMask = 2147483647;
			files = (
			);
			runOnlyForDeploymentPostprocessing = 0;
		};
		41EE367A1C87F4F20091844C /* Frameworks */ = {
			isa = PBXFrameworksBuildPhase;
			buildActionMask = 2147483647;
			files = (
			);
			runOnlyForDeploymentPostprocessing = 0;
		};
		41EE369A1C8817110091844C /* Frameworks */ = {
			isa = PBXFrameworksBuildPhase;
			buildActionMask = 2147483647;
			files = (
			);
			runOnlyForDeploymentPostprocessing = 0;
		};
/* End PBXFrameworksBuildPhase section */

/* Begin PBXGroup section */
		410378F61C8A873A0064FCD0 /* ProtocolTests */ = {
			isa = PBXGroup;
			children = (
				41F5AF621C8D51AA0071C8AE /* CGITests.swift */,
				412945411C8C9111005897CA /* Multi_Connections.swift */,
				410378F71C8A873A0064FCD0 /* ProtocolTests.swift */,
				410378F91C8A873A0064FCD0 /* Info.plist */,
			);
			path = ProtocolTests;
			sourceTree = "<group>";
		};
		41414BA11C8F418D0018F2C6 /* Armature */ = {
			isa = PBXGroup;
			children = (
				41414BA21C8F418D0018F2C6 /* Application */,
				41414BA41C8F418D0018F2C6 /* Connection */,
				41414BA91C8F418D0018F2C6 /* Exception.swift */,
				41414BAA1C8F418D0018F2C6 /* InputStorage */,
				41414BAD1C8F418D0018F2C6 /* InputStream */,
				41414BB01C8F418D0018F2C6 /* OutputStorage */,
				41414BB31C8F418D0018F2C6 /* OutputStream */,
				41414BB61C8F418D0018F2C6 /* Protocol */,
				41414BBD1C8F418D0018F2C6 /* Server */,
				41414BC11C8F418D0018F2C6 /* Utils */,
			);
			path = Armature;
			sourceTree = "<group>";
		};
		41414BA21C8F418D0018F2C6 /* Application */ = {
			isa = PBXGroup;
			children = (
				41414BA31C8F418D0018F2C6 /* Application.swift */,
			);
			path = Application;
			sourceTree = "<group>";
		};
		41414BA41C8F418D0018F2C6 /* Connection */ = {
			isa = PBXGroup;
			children = (
				41414BA51C8F418D0018F2C6 /* Connection.swift */,
				41414BA61C8F418D0018F2C6 /* MultiplexConnection.swift */,
				41414BA71C8F418D0018F2C6 /* RawConnection.swift */,
				41414BA81C8F418D0018F2C6 /* SingleConnection.swift */,
			);
			path = Connection;
			sourceTree = "<group>";
		};
		41414BAA1C8F418D0018F2C6 /* InputStorage */ = {
			isa = PBXGroup;
			children = (
				41414BAB1C8F418D0018F2C6 /* BufferedInputStorage.swift */,
				41414BAC1C8F418D0018F2C6 /* InputStorage.swift */,
			);
			path = InputStorage;
			sourceTree = "<group>";
		};
		41414BAD1C8F418D0018F2C6 /* InputStream */ = {
			isa = PBXGroup;
			children = (
				41414BAE1C8F418D0018F2C6 /* InputStream.swift */,
				41414BAF1C8F418D0018F2C6 /* RawInputStream.swift */,
			);
			path = InputStream;
			sourceTree = "<group>";
		};
		41414BB01C8F418D0018F2C6 /* OutputStorage */ = {
			isa = PBXGroup;
			children = (
				41414BB11C8F418D0018F2C6 /* BufferedOutputStorage.swift */,
				41414BB21C8F418D0018F2C6 /* OutputStorage.swift */,
			);
			path = OutputStorage;
			sourceTree = "<group>";
		};
		41414BB31C8F418D0018F2C6 /* OutputStream */ = {
			isa = PBXGroup;
			children = (
				41414BB41C8F418D0018F2C6 /* OutputStream.swift */,
				41414BB51C8F418D0018F2C6 /* RawOutputStream.swift */,
			);
			path = OutputStream;
			sourceTree = "<group>";
		};
		41414BB61C8F418D0018F2C6 /* Protocol */ = {
			isa = PBXGroup;
			children = (
				41414BB71C8F418D0018F2C6 /* CGIRequest.swift */,
				41414BB81C8F418D0018F2C6 /* Environment.swift */,
				41414BB91C8F418D0018F2C6 /* FCGIRequest.swift */,
				41414BBA1C8F418D0018F2C6 /* ProtocolConstant.swift */,
				41414BBB1C8F418D0018F2C6 /* Record.swift */,
				41414BBC1C8F418D0018F2C6 /* Request.swift */,
			);
			path = Protocol;
			sourceTree = "<group>";
		};
		41414BBD1C8F418D0018F2C6 /* Server */ = {
			isa = PBXGroup;
			children = (
				41414BBE1C8F418D0018F2C6 /* CGIServer.swift */,
				41414BBF1C8F418D0018F2C6 /* FCGIServer.swift */,
				41414BC01C8F418D0018F2C6 /* Server.swift */,
			);
			path = Server;
			sourceTree = "<group>";
		};
		41414BC11C8F418D0018F2C6 /* Utils */ = {
			isa = PBXGroup;
			children = (
				41414BC21C8F418D0018F2C6 /* Socket.swift */,
				41414BC31C8F418D0018F2C6 /* String+BytesConvert.swift */,
				41414BC41C8F418D0018F2C6 /* Utils.swift */,
			);
			path = Utils;
			sourceTree = "<group>";
		};
		41EE36431C87F4740091844C = {
			isa = PBXGroup;
			children = (
				41EE36561C87F47F0091844C /* Sources */,
				41EE364E1C87F4740091844C /* XcodeProject */,
				41EE367E1C87F4F20091844C /* UnitTests */,
				410378F61C8A873A0064FCD0 /* ProtocolTests */,
				41EE364D1C87F4740091844C /* Products */,
			);
			sourceTree = "<group>";
		};
		41EE364D1C87F4740091844C /* Products */ = {
			isa = PBXGroup;
			children = (
				41EE364C1C87F4740091844C /* XcodeProject */,
				41EE367D1C87F4F20091844C /* UnitTests.xctest */,
				41EE369D1C8817110091844C /* SimpleClient */,
				410378D41C8A858C0064FCD0 /* LocalTesting.xctest */,
				410378F51C8A873A0064FCD0 /* ProtocolTests.xctest */,
			);
			name = Products;
			sourceTree = "<group>";
		};
		41EE364E1C87F4740091844C /* XcodeProject */ = {
			isa = PBXGroup;
			children = (
				41EE364F1C87F4740091844C /* main.swift */,
			);
			path = XcodeProject;
			sourceTree = "<group>";
		};
		41EE36561C87F47F0091844C /* Sources */ = {
			isa = PBXGroup;
			children = (
				41414BA11C8F418D0018F2C6 /* Armature */,
			);
			name = Sources;
			path = ../Sources;
			sourceTree = "<group>";
		};
		41EE367E1C87F4F20091844C /* UnitTests */ = {
			isa = PBXGroup;
			children = (
				41EE367F1C87F4F20091844C /* UnitTests.swift */,
				41EE36811C87F4F20091844C /* Info.plist */,
			);
			path = UnitTests;
			sourceTree = "<group>";
		};
/* End PBXGroup section */

/* Begin PBXNativeTarget section */
		410378D31C8A858C0064FCD0 /* LocalTesting */ = {
			isa = PBXNativeTarget;
			buildConfigurationList = 410378D91C8A858C0064FCD0 /* Build configuration list for PBXNativeTarget "LocalTesting" */;
			buildPhases = (
				410378D01C8A858C0064FCD0 /* Sources */,
				410378D11C8A858C0064FCD0 /* Frameworks */,
				410378D21C8A858C0064FCD0 /* Resources */,
			);
			buildRules = (
			);
			dependencies = (
			);
			name = LocalTesting;
			productName = LocalTesting;
			productReference = 410378D41C8A858C0064FCD0 /* LocalTesting.xctest */;
			productType = "com.apple.product-type.bundle.ui-testing";
		};
		410378F41C8A873A0064FCD0 /* ProtocolTests */ = {
			isa = PBXNativeTarget;
			buildConfigurationList = 410378FA1C8A873A0064FCD0 /* Build configuration list for PBXNativeTarget "ProtocolTests" */;
			buildPhases = (
				410378F11C8A873A0064FCD0 /* Sources */,
				410378F21C8A873A0064FCD0 /* Frameworks */,
				410378F31C8A873A0064FCD0 /* Resources */,
			);
			buildRules = (
			);
			dependencies = (
			);
			name = ProtocolTests;
			productName = ProtocolTests;
			productReference = 410378F51C8A873A0064FCD0 /* ProtocolTests.xctest */;
			productType = "com.apple.product-type.bundle.unit-test";
		};
		41EE364B1C87F4740091844C /* XcodeProject */ = {
			isa = PBXNativeTarget;
			buildConfigurationList = 41EE36531C87F4740091844C /* Build configuration list for PBXNativeTarget "XcodeProject" */;
			buildPhases = (
				41EE36481C87F4740091844C /* Sources */,
				41EE36491C87F4740091844C /* Frameworks */,
				41EE364A1C87F4740091844C /* CopyFiles */,
			);
			buildRules = (
			);
			dependencies = (
			);
			name = XcodeProject;
			productName = XcodeProject;
			productReference = 41EE364C1C87F4740091844C /* XcodeProject */;
			productType = "com.apple.product-type.tool";
		};
		41EE367C1C87F4F20091844C /* UnitTests */ = {
			isa = PBXNativeTarget;
			buildConfigurationList = 41EE36821C87F4F20091844C /* Build configuration list for PBXNativeTarget "UnitTests" */;
			buildPhases = (
				41EE36791C87F4F20091844C /* Sources */,
				41EE367A1C87F4F20091844C /* Frameworks */,
				41EE367B1C87F4F20091844C /* Resources */,
			);
			buildRules = (
			);
			dependencies = (
			);
			name = UnitTests;
			productName = UnitTests;
			productReference = 41EE367D1C87F4F20091844C /* UnitTests.xctest */;
			productType = "com.apple.product-type.bundle.unit-test";
		};
		41EE369C1C8817110091844C /* SimpleClient */ = {
			isa = PBXNativeTarget;
			buildConfigurationList = 41EE36A11C8817110091844C /* Build configuration list for PBXNativeTarget "SimpleClient" */;
			buildPhases = (
				41EE36991C8817110091844C /* Sources */,
				41EE369A1C8817110091844C /* Frameworks */,
				41EE369B1C8817110091844C /* CopyFiles */,
			);
			buildRules = (
			);
			dependencies = (
			);
			name = SimpleClient;
			productName = SimpleClient;
			productReference = 41EE369D1C8817110091844C /* SimpleClient */;
			productType = "com.apple.product-type.tool";
		};
/* End PBXNativeTarget section */

/* Begin PBXProject section */
		41EE36441C87F4740091844C /* Project object */ = {
			isa = PBXProject;
			attributes = {
				LastSwiftUpdateCheck = 0720;
				LastUpgradeCheck = 0720;
				ORGANIZATIONNAME = Tqtifnypmb;
				TargetAttributes = {
					410378D31C8A858C0064FCD0 = {
						CreatedOnToolsVersion = 7.2;
					};
					410378F41C8A873A0064FCD0 = {
						CreatedOnToolsVersion = 7.2;
					};
					41EE364B1C87F4740091844C = {
						CreatedOnToolsVersion = 7.2;
					};
					41EE367C1C87F4F20091844C = {
						CreatedOnToolsVersion = 7.2;
					};
					41EE369C1C8817110091844C = {
						CreatedOnToolsVersion = 7.2;
					};
				};
			};
			buildConfigurationList = 41EE36471C87F4740091844C /* Build configuration list for PBXProject "XcodeProject" */;
			compatibilityVersion = "Xcode 3.2";
			developmentRegion = English;
			hasScannedForEncodings = 0;
			knownRegions = (
				en,
			);
			mainGroup = 41EE36431C87F4740091844C;
			productRefGroup = 41EE364D1C87F4740091844C /* Products */;
			projectDirPath = "";
			projectRoot = "";
			targets = (
				41EE364B1C87F4740091844C /* XcodeProject */,
				41EE367C1C87F4F20091844C /* UnitTests */,
				41EE369C1C8817110091844C /* SimpleClient */,
				410378D31C8A858C0064FCD0 /* LocalTesting */,
				410378F41C8A873A0064FCD0 /* ProtocolTests */,
			);
		};
/* End PBXProject section */

/* Begin PBXResourcesBuildPhase section */
		410378D21C8A858C0064FCD0 /* Resources */ = {
			isa = PBXResourcesBuildPhase;
			buildActionMask = 2147483647;
			files = (
			);
			runOnlyForDeploymentPostprocessing = 0;
		};
		410378F31C8A873A0064FCD0 /* Resources */ = {
			isa = PBXResourcesBuildPhase;
			buildActionMask = 2147483647;
			files = (
			);
			runOnlyForDeploymentPostprocessing = 0;
		};
		41EE367B1C87F4F20091844C /* Resources */ = {
			isa = PBXResourcesBuildPhase;
			buildActionMask = 2147483647;
			files = (
			);
			runOnlyForDeploymentPostprocessing = 0;
		};
/* End PBXResourcesBuildPhase section */

/* Begin PBXSourcesBuildPhase section */
		410378D01C8A858C0064FCD0 /* Sources */ = {
			isa = PBXSourcesBuildPhase;
			buildActionMask = 2147483647;
			files = (
			);
			runOnlyForDeploymentPostprocessing = 0;
		};
		410378F11C8A873A0064FCD0 /* Sources */ = {
			isa = PBXSourcesBuildPhase;
			buildActionMask = 2147483647;
			files = (
				41414BD01C8F418D0018F2C6 /* MultiplexConnection.swift in Sources */,
				41414BC81C8F418D0018F2C6 /* Application.swift in Sources */,
				41414BD41C8F418D0018F2C6 /* RawConnection.swift in Sources */,
				41414BE41C8F418D0018F2C6 /* InputStorage.swift in Sources */,
				41414C181C8F418D0018F2C6 /* CGIServer.swift in Sources */,
				41414C241C8F418D0018F2C6 /* Socket.swift in Sources */,
				41414BE81C8F418D0018F2C6 /* InputStream.swift in Sources */,
				41414BDC1C8F418D0018F2C6 /* Exception.swift in Sources */,
				41414C2C1C8F418D0018F2C6 /* Utils.swift in Sources */,
				41414C101C8F418D0018F2C6 /* Record.swift in Sources */,
				41414C0C1C8F418D0018F2C6 /* ProtocolConstant.swift in Sources */,
				41414C141C8F418D0018F2C6 /* Request.swift in Sources */,
				41414BEC1C8F418D0018F2C6 /* RawInputStream.swift in Sources */,
				41414BD81C8F418D0018F2C6 /* SingleConnection.swift in Sources */,
				41F5AF631C8D51AA0071C8AE /* CGITests.swift in Sources */,
				41414BCC1C8F418D0018F2C6 /* Connection.swift in Sources */,
				41414BF81C8F418D0018F2C6 /* OutputStream.swift in Sources */,
				41414BE01C8F418D0018F2C6 /* BufferedInputStorage.swift in Sources */,
				41414BFC1C8F418D0018F2C6 /* RawOutputStream.swift in Sources */,
				41414C281C8F418D0018F2C6 /* String+BytesConvert.swift in Sources */,
				41414BF01C8F418D0018F2C6 /* BufferedOutputStorage.swift in Sources */,
				410378F81C8A873A0064FCD0 /* ProtocolTests.swift in Sources */,
				41414C041C8F418D0018F2C6 /* Environment.swift in Sources */,
				41414C001C8F418D0018F2C6 /* CGIRequest.swift in Sources */,
				412945421C8C9111005897CA /* Multi_Connections.swift in Sources */,
				41414C081C8F418D0018F2C6 /* FCGIRequest.swift in Sources */,
				41414C1C1C8F418D0018F2C6 /* FCGIServer.swift in Sources */,
				41414C201C8F418D0018F2C6 /* Server.swift in Sources */,
				41414BF41C8F418D0018F2C6 /* OutputStorage.swift in Sources */,
			);
			runOnlyForDeploymentPostprocessing = 0;
		};
		41EE36481C87F4740091844C /* Sources */ = {
			isa = PBXSourcesBuildPhase;
			buildActionMask = 2147483647;
			files = (
				41414BF51C8F418D0018F2C6 /* OutputStream.swift in Sources */,
				41414BE91C8F418D0018F2C6 /* RawInputStream.swift in Sources */,
				41414C291C8F418D0018F2C6 /* Utils.swift in Sources */,
				41414C0D1C8F418D0018F2C6 /* Record.swift in Sources */,
				41414C191C8F418D0018F2C6 /* FCGIServer.swift in Sources */,
				41414C051C8F418D0018F2C6 /* FCGIRequest.swift in Sources */,
				41414C111C8F418D0018F2C6 /* Request.swift in Sources */,
				41414BCD1C8F418D0018F2C6 /* MultiplexConnection.swift in Sources */,
				41414BF11C8F418D0018F2C6 /* OutputStorage.swift in Sources */,
				41414BC51C8F418D0018F2C6 /* Application.swift in Sources */,
				41414C151C8F418D0018F2C6 /* CGIServer.swift in Sources */,
				41414BED1C8F418D0018F2C6 /* BufferedOutputStorage.swift in Sources */,
				41414BC91C8F418D0018F2C6 /* Connection.swift in Sources */,
				41414C211C8F418D0018F2C6 /* Socket.swift in Sources */,
				41414BFD1C8F418D0018F2C6 /* CGIRequest.swift in Sources */,
				41414BE11C8F418D0018F2C6 /* InputStorage.swift in Sources */,
				41414C091C8F418D0018F2C6 /* ProtocolConstant.swift in Sources */,
				41414BE51C8F418D0018F2C6 /* InputStream.swift in Sources */,
				41414BD51C8F418D0018F2C6 /* SingleConnection.swift in Sources */,
				41EE36501C87F4740091844C /* main.swift in Sources */,
				41414BDD1C8F418D0018F2C6 /* BufferedInputStorage.swift in Sources */,
				41414C251C8F418D0018F2C6 /* String+BytesConvert.swift in Sources */,
				41414BD11C8F418D0018F2C6 /* RawConnection.swift in Sources */,
				41414BF91C8F418D0018F2C6 /* RawOutputStream.swift in Sources */,
				41414BD91C8F418D0018F2C6 /* Exception.swift in Sources */,
				41414C1D1C8F418D0018F2C6 /* Server.swift in Sources */,
				41414C011C8F418D0018F2C6 /* Environment.swift in Sources */,
			);
			runOnlyForDeploymentPostprocessing = 0;
		};
		41EE36791C87F4F20091844C /* Sources */ = {
			isa = PBXSourcesBuildPhase;
			buildActionMask = 2147483647;
			files = (
				41414BF61C8F418D0018F2C6 /* OutputStream.swift in Sources */,
				41414BEA1C8F418D0018F2C6 /* RawInputStream.swift in Sources */,
				41414C2A1C8F418D0018F2C6 /* Utils.swift in Sources */,
				41414C0E1C8F418D0018F2C6 /* Record.swift in Sources */,
				41414C1A1C8F418D0018F2C6 /* FCGIServer.swift in Sources */,
				41414C061C8F418D0018F2C6 /* FCGIRequest.swift in Sources */,
				41414C121C8F418D0018F2C6 /* Request.swift in Sources */,
				41414BCE1C8F418D0018F2C6 /* MultiplexConnection.swift in Sources */,
				41414BF21C8F418D0018F2C6 /* OutputStorage.swift in Sources */,
				41414BC61C8F418D0018F2C6 /* Application.swift in Sources */,
				41414C161C8F418D0018F2C6 /* CGIServer.swift in Sources */,
				41414BEE1C8F418D0018F2C6 /* BufferedOutputStorage.swift in Sources */,
				41414BCA1C8F418D0018F2C6 /* Connection.swift in Sources */,
				41414C221C8F418D0018F2C6 /* Socket.swift in Sources */,
				41414BFE1C8F418D0018F2C6 /* CGIRequest.swift in Sources */,
				41414BE21C8F418D0018F2C6 /* InputStorage.swift in Sources */,
				41414C0A1C8F418D0018F2C6 /* ProtocolConstant.swift in Sources */,
				41414BE61C8F418D0018F2C6 /* InputStream.swift in Sources */,
				41414BD61C8F418D0018F2C6 /* SingleConnection.swift in Sources */,
				41EE36801C87F4F20091844C /* UnitTests.swift in Sources */,
				41414BDE1C8F418D0018F2C6 /* BufferedInputStorage.swift in Sources */,
				41414C261C8F418D0018F2C6 /* String+BytesConvert.swift in Sources */,
				41414BD21C8F418D0018F2C6 /* RawConnection.swift in Sources */,
				41414BFA1C8F418D0018F2C6 /* RawOutputStream.swift in Sources */,
				41414BDA1C8F418D0018F2C6 /* Exception.swift in Sources */,
				41414C1E1C8F418D0018F2C6 /* Server.swift in Sources */,
				41414C021C8F418D0018F2C6 /* Environment.swift in Sources */,
			);
			runOnlyForDeploymentPostprocessing = 0;
		};
		41EE36991C8817110091844C /* Sources */ = {
			isa = PBXSourcesBuildPhase;
			buildActionMask = 2147483647;
			files = (
				41414BDF1C8F418D0018F2C6 /* BufferedInputStorage.swift in Sources */,
				41414C171C8F418D0018F2C6 /* CGIServer.swift in Sources */,
				41414C031C8F418D0018F2C6 /* Environment.swift in Sources */,
				41414BEF1C8F418D0018F2C6 /* BufferedOutputStorage.swift in Sources */,
				41414BEB1C8F418D0018F2C6 /* RawInputStream.swift in Sources */,
				41414C2B1C8F418D0018F2C6 /* Utils.swift in Sources */,
				41414BFF1C8F418D0018F2C6 /* CGIRequest.swift in Sources */,
				41414BFB1C8F418D0018F2C6 /* RawOutputStream.swift in Sources */,
				41414BD31C8F418D0018F2C6 /* RawConnection.swift in Sources */,
				41414C231C8F418D0018F2C6 /* Socket.swift in Sources */,
				41414C071C8F418D0018F2C6 /* FCGIRequest.swift in Sources */,
				41414C1F1C8F418D0018F2C6 /* Server.swift in Sources */,
				41414C1B1C8F418D0018F2C6 /* FCGIServer.swift in Sources */,
				41414BE31C8F418D0018F2C6 /* InputStorage.swift in Sources */,
				41414C0B1C8F418D0018F2C6 /* ProtocolConstant.swift in Sources */,
				41414BD71C8F418D0018F2C6 /* SingleConnection.swift in Sources */,
				41414C0F1C8F418D0018F2C6 /* Record.swift in Sources */,
				41414BE71C8F418D0018F2C6 /* InputStream.swift in Sources */,
				41414C271C8F418D0018F2C6 /* String+BytesConvert.swift in Sources */,
				41414BCF1C8F418D0018F2C6 /* MultiplexConnection.swift in Sources */,
				41414BF31C8F418D0018F2C6 /* OutputStorage.swift in Sources */,
				41414BDB1C8F418D0018F2C6 /* Exception.swift in Sources */,
				41414BC71C8F418D0018F2C6 /* Application.swift in Sources */,
				41414C131C8F418D0018F2C6 /* Request.swift in Sources */,
				41414BF71C8F418D0018F2C6 /* OutputStream.swift in Sources */,
				41414BCB1C8F418D0018F2C6 /* Connection.swift in Sources */,
			);
			runOnlyForDeploymentPostprocessing = 0;
		};
/* End PBXSourcesBuildPhase section */

/* Begin XCBuildConfiguration section */
		410378DA1C8A858C0064FCD0 /* Debug */ = {
			isa = XCBuildConfiguration;
			buildSettings = {
				COMBINE_HIDPI_IMAGES = YES;
				INFOPLIST_FILE = LocalTesting/Info.plist;
				LD_RUNPATH_SEARCH_PATHS = "$(inherited) @executable_path/../Frameworks @loader_path/../Frameworks";
				PRODUCT_BUNDLE_IDENTIFIER = tqtifnypmb.LocalTesting;
				PRODUCT_NAME = "$(TARGET_NAME)";
			};
			name = Debug;
		};
		410378DB1C8A858C0064FCD0 /* Release */ = {
			isa = XCBuildConfiguration;
			buildSettings = {
				COMBINE_HIDPI_IMAGES = YES;
				INFOPLIST_FILE = LocalTesting/Info.plist;
				LD_RUNPATH_SEARCH_PATHS = "$(inherited) @executable_path/../Frameworks @loader_path/../Frameworks";
				PRODUCT_BUNDLE_IDENTIFIER = tqtifnypmb.LocalTesting;
				PRODUCT_NAME = "$(TARGET_NAME)";
			};
			name = Release;
		};
		410378FB1C8A873A0064FCD0 /* Debug */ = {
			isa = XCBuildConfiguration;
			buildSettings = {
				COMBINE_HIDPI_IMAGES = YES;
				INFOPLIST_FILE = ProtocolTests/Info.plist;
				LD_RUNPATH_SEARCH_PATHS = "$(inherited) @executable_path/../Frameworks @loader_path/../Frameworks";
				PRODUCT_BUNDLE_IDENTIFIER = tqtifnypmb.ProtocolTests;
				PRODUCT_NAME = "$(TARGET_NAME)";
			};
			name = Debug;
		};
		410378FC1C8A873A0064FCD0 /* Release */ = {
			isa = XCBuildConfiguration;
			buildSettings = {
				COMBINE_HIDPI_IMAGES = YES;
				INFOPLIST_FILE = ProtocolTests/Info.plist;
				LD_RUNPATH_SEARCH_PATHS = "$(inherited) @executable_path/../Frameworks @loader_path/../Frameworks";
				PRODUCT_BUNDLE_IDENTIFIER = tqtifnypmb.ProtocolTests;
				PRODUCT_NAME = "$(TARGET_NAME)";
			};
			name = Release;
		};
		41EE36511C87F4740091844C /* Debug */ = {
			isa = XCBuildConfiguration;
			buildSettings = {
				ALWAYS_SEARCH_USER_PATHS = NO;
				CLANG_CXX_LANGUAGE_STANDARD = "gnu++0x";
				CLANG_CXX_LIBRARY = "libc++";
				CLANG_ENABLE_MODULES = YES;
				CLANG_ENABLE_OBJC_ARC = YES;
				CLANG_WARN_BOOL_CONVERSION = YES;
				CLANG_WARN_CONSTANT_CONVERSION = YES;
				CLANG_WARN_DIRECT_OBJC_ISA_USAGE = YES_ERROR;
				CLANG_WARN_EMPTY_BODY = YES;
				CLANG_WARN_ENUM_CONVERSION = YES;
				CLANG_WARN_INT_CONVERSION = YES;
				CLANG_WARN_OBJC_ROOT_CLASS = YES_ERROR;
				CLANG_WARN_UNREACHABLE_CODE = YES;
				CLANG_WARN__DUPLICATE_METHOD_MATCH = YES;
				CODE_SIGN_IDENTITY = "-";
				COPY_PHASE_STRIP = NO;
				DEBUG_INFORMATION_FORMAT = dwarf;
				ENABLE_STRICT_OBJC_MSGSEND = YES;
				ENABLE_TESTABILITY = YES;
				GCC_C_LANGUAGE_STANDARD = gnu99;
				GCC_DYNAMIC_NO_PIC = NO;
				GCC_NO_COMMON_BLOCKS = YES;
				GCC_OPTIMIZATION_LEVEL = 0;
				GCC_PREPROCESSOR_DEFINITIONS = (
					"DEBUG=1",
					"$(inherited)",
				);
				GCC_WARN_64_TO_32_BIT_CONVERSION = YES;
				GCC_WARN_ABOUT_RETURN_TYPE = YES_ERROR;
				GCC_WARN_UNDECLARED_SELECTOR = YES;
				GCC_WARN_UNINITIALIZED_AUTOS = YES_AGGRESSIVE;
				GCC_WARN_UNUSED_FUNCTION = YES;
				GCC_WARN_UNUSED_VARIABLE = YES;
				MACOSX_DEPLOYMENT_TARGET = 10.11;
				MTL_ENABLE_DEBUG_INFO = YES;
				ONLY_ACTIVE_ARCH = YES;
				SDKROOT = macosx;
				SWIFT_OPTIMIZATION_LEVEL = "-Onone";
			};
			name = Debug;
		};
		41EE36521C87F4740091844C /* Release */ = {
			isa = XCBuildConfiguration;
			buildSettings = {
				ALWAYS_SEARCH_USER_PATHS = NO;
				CLANG_CXX_LANGUAGE_STANDARD = "gnu++0x";
				CLANG_CXX_LIBRARY = "libc++";
				CLANG_ENABLE_MODULES = YES;
				CLANG_ENABLE_OBJC_ARC = YES;
				CLANG_WARN_BOOL_CONVERSION = YES;
				CLANG_WARN_CONSTANT_CONVERSION = YES;
				CLANG_WARN_DIRECT_OBJC_ISA_USAGE = YES_ERROR;
				CLANG_WARN_EMPTY_BODY = YES;
				CLANG_WARN_ENUM_CONVERSION = YES;
				CLANG_WARN_INT_CONVERSION = YES;
				CLANG_WARN_OBJC_ROOT_CLASS = YES_ERROR;
				CLANG_WARN_UNREACHABLE_CODE = YES;
				CLANG_WARN__DUPLICATE_METHOD_MATCH = YES;
				CODE_SIGN_IDENTITY = "-";
				COPY_PHASE_STRIP = NO;
				DEBUG_INFORMATION_FORMAT = "dwarf-with-dsym";
				ENABLE_NS_ASSERTIONS = NO;
				ENABLE_STRICT_OBJC_MSGSEND = YES;
				GCC_C_LANGUAGE_STANDARD = gnu99;
				GCC_NO_COMMON_BLOCKS = YES;
				GCC_WARN_64_TO_32_BIT_CONVERSION = YES;
				GCC_WARN_ABOUT_RETURN_TYPE = YES_ERROR;
				GCC_WARN_UNDECLARED_SELECTOR = YES;
				GCC_WARN_UNINITIALIZED_AUTOS = YES_AGGRESSIVE;
				GCC_WARN_UNUSED_FUNCTION = YES;
				GCC_WARN_UNUSED_VARIABLE = YES;
				MACOSX_DEPLOYMENT_TARGET = 10.11;
				MTL_ENABLE_DEBUG_INFO = NO;
				SDKROOT = macosx;
			};
			name = Release;
		};
		41EE36541C87F4740091844C /* Debug */ = {
			isa = XCBuildConfiguration;
			buildSettings = {
				PRODUCT_NAME = "$(TARGET_NAME)";
			};
			name = Debug;
		};
		41EE36551C87F4740091844C /* Release */ = {
			isa = XCBuildConfiguration;
			buildSettings = {
				PRODUCT_NAME = "$(TARGET_NAME)";
			};
			name = Release;
		};
		41EE36831C87F4F20091844C /* Debug */ = {
			isa = XCBuildConfiguration;
			buildSettings = {
				COMBINE_HIDPI_IMAGES = YES;
				INFOPLIST_FILE = UnitTests/Info.plist;
				LD_RUNPATH_SEARCH_PATHS = "$(inherited) @executable_path/../Frameworks @loader_path/../Frameworks";
				PRODUCT_BUNDLE_IDENTIFIER = tqtifnypmb.UnitTests;
				PRODUCT_NAME = "$(TARGET_NAME)";
			};
			name = Debug;
		};
		41EE36841C87F4F20091844C /* Release */ = {
			isa = XCBuildConfiguration;
			buildSettings = {
				COMBINE_HIDPI_IMAGES = YES;
				INFOPLIST_FILE = UnitTests/Info.plist;
				LD_RUNPATH_SEARCH_PATHS = "$(inherited) @executable_path/../Frameworks @loader_path/../Frameworks";
				PRODUCT_BUNDLE_IDENTIFIER = tqtifnypmb.UnitTests;
				PRODUCT_NAME = "$(TARGET_NAME)";
			};
			name = Release;
		};
		41EE36A21C8817110091844C /* Debug */ = {
			isa = XCBuildConfiguration;
			buildSettings = {
				LD_RUNPATH_SEARCH_PATHS = "";
				PRODUCT_NAME = "$(TARGET_NAME)";
			};
			name = Debug;
		};
		41EE36A31C8817110091844C /* Release */ = {
			isa = XCBuildConfiguration;
			buildSettings = {
				LD_RUNPATH_SEARCH_PATHS = "";
				PRODUCT_NAME = "$(TARGET_NAME)";
			};
			name = Release;
		};
/* End XCBuildConfiguration section */

/* Begin XCConfigurationList section */
		410378D91C8A858C0064FCD0 /* Build configuration list for PBXNativeTarget "LocalTesting" */ = {
			isa = XCConfigurationList;
			buildConfigurations = (
				410378DA1C8A858C0064FCD0 /* Debug */,
				410378DB1C8A858C0064FCD0 /* Release */,
			);
			defaultConfigurationIsVisible = 0;
			defaultConfigurationName = Release;
		};
		410378FA1C8A873A0064FCD0 /* Build configuration list for PBXNativeTarget "ProtocolTests" */ = {
			isa = XCConfigurationList;
			buildConfigurations = (
				410378FB1C8A873A0064FCD0 /* Debug */,
				410378FC1C8A873A0064FCD0 /* Release */,
			);
			defaultConfigurationIsVisible = 0;
			defaultConfigurationName = Release;
		};
		41EE36471C87F4740091844C /* Build configuration list for PBXProject "XcodeProject" */ = {
			isa = XCConfigurationList;
			buildConfigurations = (
				41EE36511C87F4740091844C /* Debug */,
				41EE36521C87F4740091844C /* Release */,
			);
			defaultConfigurationIsVisible = 0;
			defaultConfigurationName = Release;
		};
		41EE36531C87F4740091844C /* Build configuration list for PBXNativeTarget "XcodeProject" */ = {
			isa = XCConfigurationList;
			buildConfigurations = (
				41EE36541C87F4740091844C /* Debug */,
				41EE36551C87F4740091844C /* Release */,
			);
			defaultConfigurationIsVisible = 0;
			defaultConfigurationName = Release;
		};
		41EE36821C87F4F20091844C /* Build configuration list for PBXNativeTarget "UnitTests" */ = {
			isa = XCConfigurationList;
			buildConfigurations = (
				41EE36831C87F4F20091844C /* Debug */,
				41EE36841C87F4F20091844C /* Release */,
			);
			defaultConfigurationIsVisible = 0;
			defaultConfigurationName = Release;
		};
		41EE36A11C8817110091844C /* Build configuration list for PBXNativeTarget "SimpleClient" */ = {
			isa = XCConfigurationList;
			buildConfigurations = (
				41EE36A21C8817110091844C /* Debug */,
				41EE36A31C8817110091844C /* Release */,
			);
			defaultConfigurationIsVisible = 0;
			defaultConfigurationName = Release;
		};
/* End XCConfigurationList section */
	};
	rootObject = 41EE36441C87F4740091844C /* Project object */;
}
