// !$*UTF8*$!
{
	archiveVersion = 1;
	classes = {
	};
	objectVersion = 46;
	objects = {

/* Begin PBXBuildFile section */
		410378DC1C8A86A00064FCD0 /* OutputStream.swift in Sources */ = {isa = PBXBuildFile; fileRef = 4189E5DE1C893C190077BA96 /* OutputStream.swift */; };
		410378DD1C8A86A00064FCD0 /* RawOutputStream.swift in Sources */ = {isa = PBXBuildFile; fileRef = 4189E5DF1C893C190077BA96 /* RawOutputStream.swift */; };
		410378DE1C8A86A30064FCD0 /* Environment.swift in Sources */ = {isa = PBXBuildFile; fileRef = 4189E5E11C893C190077BA96 /* Environment.swift */; };
		410378DF1C8A86A30064FCD0 /* ProtocolConstant.swift in Sources */ = {isa = PBXBuildFile; fileRef = 4189E5E21C893C190077BA96 /* ProtocolConstant.swift */; };
		410378E01C8A86A30064FCD0 /* Record.swift in Sources */ = {isa = PBXBuildFile; fileRef = 4189E5E31C893C190077BA96 /* Record.swift */; };
		410378E11C8A86A30064FCD0 /* Request.swift in Sources */ = {isa = PBXBuildFile; fileRef = 4189E5E41C893C190077BA96 /* Request.swift */; };
		410378E31C8A86A60064FCD0 /* Server.swift in Sources */ = {isa = PBXBuildFile; fileRef = 4189E5E71C893C190077BA96 /* Server.swift */; };
		410378E41C8A86A90064FCD0 /* Socket.swift in Sources */ = {isa = PBXBuildFile; fileRef = 4189E5E91C893C190077BA96 /* Socket.swift */; };
		410378E51C8A86A90064FCD0 /* String+BytesConvert.swift in Sources */ = {isa = PBXBuildFile; fileRef = 4189E5EA1C893C190077BA96 /* String+BytesConvert.swift */; };
		410378E61C8A86A90064FCD0 /* Utils.swift in Sources */ = {isa = PBXBuildFile; fileRef = 4189E5EB1C893C190077BA96 /* Utils.swift */; };
		410378E71C8A86AB0064FCD0 /* BufferedInputStorage.swift in Sources */ = {isa = PBXBuildFile; fileRef = 4189E5D51C893C190077BA96 /* BufferedInputStorage.swift */; };
		410378E81C8A86AB0064FCD0 /* InputStorage.swift in Sources */ = {isa = PBXBuildFile; fileRef = 4189E5D61C893C190077BA96 /* InputStorage.swift */; };
		410378E91C8A86AF0064FCD0 /* InputStream.swift in Sources */ = {isa = PBXBuildFile; fileRef = 4189E5D81C893C190077BA96 /* InputStream.swift */; };
		410378EA1C8A86AF0064FCD0 /* RawInputStream.swift in Sources */ = {isa = PBXBuildFile; fileRef = 4189E5D91C893C190077BA96 /* RawInputStream.swift */; };
		410378EB1C8A86B20064FCD0 /* BufferedOutputStorage.swift in Sources */ = {isa = PBXBuildFile; fileRef = 4189E5DB1C893C190077BA96 /* BufferedOutputStorage.swift */; };
		410378EC1C8A86B20064FCD0 /* OutputStorage.swift in Sources */ = {isa = PBXBuildFile; fileRef = 4189E5DC1C893C190077BA96 /* OutputStorage.swift */; };
		410378ED1C8A86B70064FCD0 /* Connection.swift in Sources */ = {isa = PBXBuildFile; fileRef = 4189E5D11C893C190077BA96 /* Connection.swift */; };
		410378EE1C8A86B70064FCD0 /* SingleConnection.swift in Sources */ = {isa = PBXBuildFile; fileRef = 4189E5D21C893C190077BA96 /* SingleConnection.swift */; };
		410378EF1C8A86B70064FCD0 /* Exception.swift in Sources */ = {isa = PBXBuildFile; fileRef = 4189E5D31C893C190077BA96 /* Exception.swift */; };
		410378F01C8A86B90064FCD0 /* Application.swift in Sources */ = {isa = PBXBuildFile; fileRef = 4189E5CF1C893C190077BA96 /* Application.swift */; };
		410378F81C8A873A0064FCD0 /* ProtocolTests.swift in Sources */ = {isa = PBXBuildFile; fileRef = 410378F71C8A873A0064FCD0 /* ProtocolTests.swift */; };
		410378FE1C8A87630064FCD0 /* Connection.swift in Sources */ = {isa = PBXBuildFile; fileRef = 4189E5D11C893C190077BA96 /* Connection.swift */; };
		410378FF1C8A87630064FCD0 /* SingleConnection.swift in Sources */ = {isa = PBXBuildFile; fileRef = 4189E5D21C893C190077BA96 /* SingleConnection.swift */; };
		410379001C8A87630064FCD0 /* Exception.swift in Sources */ = {isa = PBXBuildFile; fileRef = 4189E5D31C893C190077BA96 /* Exception.swift */; };
		410379011C8A87650064FCD0 /* BufferedInputStorage.swift in Sources */ = {isa = PBXBuildFile; fileRef = 4189E5D51C893C190077BA96 /* BufferedInputStorage.swift */; };
		410379021C8A87650064FCD0 /* InputStorage.swift in Sources */ = {isa = PBXBuildFile; fileRef = 4189E5D61C893C190077BA96 /* InputStorage.swift */; };
		410379031C8A87690064FCD0 /* InputStream.swift in Sources */ = {isa = PBXBuildFile; fileRef = 4189E5D81C893C190077BA96 /* InputStream.swift */; };
		410379041C8A87690064FCD0 /* RawInputStream.swift in Sources */ = {isa = PBXBuildFile; fileRef = 4189E5D91C893C190077BA96 /* RawInputStream.swift */; };
		410379051C8A876C0064FCD0 /* BufferedOutputStorage.swift in Sources */ = {isa = PBXBuildFile; fileRef = 4189E5DB1C893C190077BA96 /* BufferedOutputStorage.swift */; };
		410379061C8A876C0064FCD0 /* OutputStorage.swift in Sources */ = {isa = PBXBuildFile; fileRef = 4189E5DC1C893C190077BA96 /* OutputStorage.swift */; };
		410379071C8A876E0064FCD0 /* OutputStream.swift in Sources */ = {isa = PBXBuildFile; fileRef = 4189E5DE1C893C190077BA96 /* OutputStream.swift */; };
		410379081C8A876E0064FCD0 /* RawOutputStream.swift in Sources */ = {isa = PBXBuildFile; fileRef = 4189E5DF1C893C190077BA96 /* RawOutputStream.swift */; };
		410379091C8A87710064FCD0 /* Environment.swift in Sources */ = {isa = PBXBuildFile; fileRef = 4189E5E11C893C190077BA96 /* Environment.swift */; };
		4103790A1C8A87710064FCD0 /* ProtocolConstant.swift in Sources */ = {isa = PBXBuildFile; fileRef = 4189E5E21C893C190077BA96 /* ProtocolConstant.swift */; };
		4103790B1C8A87710064FCD0 /* Record.swift in Sources */ = {isa = PBXBuildFile; fileRef = 4189E5E31C893C190077BA96 /* Record.swift */; };
		4103790C1C8A87710064FCD0 /* Request.swift in Sources */ = {isa = PBXBuildFile; fileRef = 4189E5E41C893C190077BA96 /* Request.swift */; };
		4103790E1C8A87740064FCD0 /* Server.swift in Sources */ = {isa = PBXBuildFile; fileRef = 4189E5E71C893C190077BA96 /* Server.swift */; };
		4103790F1C8A87760064FCD0 /* Socket.swift in Sources */ = {isa = PBXBuildFile; fileRef = 4189E5E91C893C190077BA96 /* Socket.swift */; };
		410379101C8A87760064FCD0 /* String+BytesConvert.swift in Sources */ = {isa = PBXBuildFile; fileRef = 4189E5EA1C893C190077BA96 /* String+BytesConvert.swift */; };
		410379111C8A87760064FCD0 /* Utils.swift in Sources */ = {isa = PBXBuildFile; fileRef = 4189E5EB1C893C190077BA96 /* Utils.swift */; };
		4129453D1C8C7042005897CA /* MultiplexConnection.swift in Sources */ = {isa = PBXBuildFile; fileRef = 4129453C1C8C7042005897CA /* MultiplexConnection.swift */; };
		4129453E1C8C7D25005897CA /* MultiplexConnection.swift in Sources */ = {isa = PBXBuildFile; fileRef = 4129453C1C8C7042005897CA /* MultiplexConnection.swift */; };
		412945421C8C9111005897CA /* Multi_Connections.swift in Sources */ = {isa = PBXBuildFile; fileRef = 412945411C8C9111005897CA /* Multi_Connections.swift */; };
		412945431C8C913F005897CA /* Application.swift in Sources */ = {isa = PBXBuildFile; fileRef = 4189E5CF1C893C190077BA96 /* Application.swift */; };
		412945441C8C9144005897CA /* FCGIServer.swift in Sources */ = {isa = PBXBuildFile; fileRef = 418E0F251C89E6110007475F /* FCGIServer.swift */; };
		4189E5EC1C893C190077BA96 /* Application.swift in Sources */ = {isa = PBXBuildFile; fileRef = 4189E5CF1C893C190077BA96 /* Application.swift */; };
		4189E5ED1C893C190077BA96 /* Application.swift in Sources */ = {isa = PBXBuildFile; fileRef = 4189E5CF1C893C190077BA96 /* Application.swift */; };
		4189E5EE1C893C190077BA96 /* Application.swift in Sources */ = {isa = PBXBuildFile; fileRef = 4189E5CF1C893C190077BA96 /* Application.swift */; };
		4189E5EF1C893C190077BA96 /* Connection.swift in Sources */ = {isa = PBXBuildFile; fileRef = 4189E5D11C893C190077BA96 /* Connection.swift */; };
		4189E5F01C893C190077BA96 /* Connection.swift in Sources */ = {isa = PBXBuildFile; fileRef = 4189E5D11C893C190077BA96 /* Connection.swift */; };
		4189E5F11C893C190077BA96 /* Connection.swift in Sources */ = {isa = PBXBuildFile; fileRef = 4189E5D11C893C190077BA96 /* Connection.swift */; };
		4189E5F21C893C190077BA96 /* SingleConnection.swift in Sources */ = {isa = PBXBuildFile; fileRef = 4189E5D21C893C190077BA96 /* SingleConnection.swift */; };
		4189E5F31C893C190077BA96 /* SingleConnection.swift in Sources */ = {isa = PBXBuildFile; fileRef = 4189E5D21C893C190077BA96 /* SingleConnection.swift */; };
		4189E5F41C893C190077BA96 /* SingleConnection.swift in Sources */ = {isa = PBXBuildFile; fileRef = 4189E5D21C893C190077BA96 /* SingleConnection.swift */; };
		4189E5F51C893C190077BA96 /* Exception.swift in Sources */ = {isa = PBXBuildFile; fileRef = 4189E5D31C893C190077BA96 /* Exception.swift */; };
		4189E5F61C893C190077BA96 /* Exception.swift in Sources */ = {isa = PBXBuildFile; fileRef = 4189E5D31C893C190077BA96 /* Exception.swift */; };
		4189E5F71C893C190077BA96 /* Exception.swift in Sources */ = {isa = PBXBuildFile; fileRef = 4189E5D31C893C190077BA96 /* Exception.swift */; };
		4189E5F81C893C190077BA96 /* BufferedInputStorage.swift in Sources */ = {isa = PBXBuildFile; fileRef = 4189E5D51C893C190077BA96 /* BufferedInputStorage.swift */; };
		4189E5F91C893C190077BA96 /* BufferedInputStorage.swift in Sources */ = {isa = PBXBuildFile; fileRef = 4189E5D51C893C190077BA96 /* BufferedInputStorage.swift */; };
		4189E5FA1C893C190077BA96 /* BufferedInputStorage.swift in Sources */ = {isa = PBXBuildFile; fileRef = 4189E5D51C893C190077BA96 /* BufferedInputStorage.swift */; };
		4189E5FB1C893C190077BA96 /* InputStorage.swift in Sources */ = {isa = PBXBuildFile; fileRef = 4189E5D61C893C190077BA96 /* InputStorage.swift */; };
		4189E5FC1C893C190077BA96 /* InputStorage.swift in Sources */ = {isa = PBXBuildFile; fileRef = 4189E5D61C893C190077BA96 /* InputStorage.swift */; };
		4189E5FD1C893C190077BA96 /* InputStorage.swift in Sources */ = {isa = PBXBuildFile; fileRef = 4189E5D61C893C190077BA96 /* InputStorage.swift */; };
		4189E5FE1C893C190077BA96 /* InputStream.swift in Sources */ = {isa = PBXBuildFile; fileRef = 4189E5D81C893C190077BA96 /* InputStream.swift */; };
		4189E5FF1C893C190077BA96 /* InputStream.swift in Sources */ = {isa = PBXBuildFile; fileRef = 4189E5D81C893C190077BA96 /* InputStream.swift */; };
		4189E6001C893C190077BA96 /* InputStream.swift in Sources */ = {isa = PBXBuildFile; fileRef = 4189E5D81C893C190077BA96 /* InputStream.swift */; };
		4189E6011C893C190077BA96 /* RawInputStream.swift in Sources */ = {isa = PBXBuildFile; fileRef = 4189E5D91C893C190077BA96 /* RawInputStream.swift */; };
		4189E6021C893C190077BA96 /* RawInputStream.swift in Sources */ = {isa = PBXBuildFile; fileRef = 4189E5D91C893C190077BA96 /* RawInputStream.swift */; };
		4189E6031C893C190077BA96 /* RawInputStream.swift in Sources */ = {isa = PBXBuildFile; fileRef = 4189E5D91C893C190077BA96 /* RawInputStream.swift */; };
		4189E6041C893C190077BA96 /* BufferedOutputStorage.swift in Sources */ = {isa = PBXBuildFile; fileRef = 4189E5DB1C893C190077BA96 /* BufferedOutputStorage.swift */; };
		4189E6051C893C190077BA96 /* BufferedOutputStorage.swift in Sources */ = {isa = PBXBuildFile; fileRef = 4189E5DB1C893C190077BA96 /* BufferedOutputStorage.swift */; };
		4189E6061C893C190077BA96 /* BufferedOutputStorage.swift in Sources */ = {isa = PBXBuildFile; fileRef = 4189E5DB1C893C190077BA96 /* BufferedOutputStorage.swift */; };
		4189E6071C893C190077BA96 /* OutputStorage.swift in Sources */ = {isa = PBXBuildFile; fileRef = 4189E5DC1C893C190077BA96 /* OutputStorage.swift */; };
		4189E6081C893C190077BA96 /* OutputStorage.swift in Sources */ = {isa = PBXBuildFile; fileRef = 4189E5DC1C893C190077BA96 /* OutputStorage.swift */; };
		4189E6091C893C190077BA96 /* OutputStorage.swift in Sources */ = {isa = PBXBuildFile; fileRef = 4189E5DC1C893C190077BA96 /* OutputStorage.swift */; };
		4189E60A1C893C190077BA96 /* OutputStream.swift in Sources */ = {isa = PBXBuildFile; fileRef = 4189E5DE1C893C190077BA96 /* OutputStream.swift */; };
		4189E60B1C893C190077BA96 /* OutputStream.swift in Sources */ = {isa = PBXBuildFile; fileRef = 4189E5DE1C893C190077BA96 /* OutputStream.swift */; };
		4189E60C1C893C190077BA96 /* OutputStream.swift in Sources */ = {isa = PBXBuildFile; fileRef = 4189E5DE1C893C190077BA96 /* OutputStream.swift */; };
		4189E60D1C893C190077BA96 /* RawOutputStream.swift in Sources */ = {isa = PBXBuildFile; fileRef = 4189E5DF1C893C190077BA96 /* RawOutputStream.swift */; };
		4189E60E1C893C190077BA96 /* RawOutputStream.swift in Sources */ = {isa = PBXBuildFile; fileRef = 4189E5DF1C893C190077BA96 /* RawOutputStream.swift */; };
		4189E60F1C893C190077BA96 /* RawOutputStream.swift in Sources */ = {isa = PBXBuildFile; fileRef = 4189E5DF1C893C190077BA96 /* RawOutputStream.swift */; };
		4189E6101C893C190077BA96 /* Environment.swift in Sources */ = {isa = PBXBuildFile; fileRef = 4189E5E11C893C190077BA96 /* Environment.swift */; };
		4189E6111C893C190077BA96 /* Environment.swift in Sources */ = {isa = PBXBuildFile; fileRef = 4189E5E11C893C190077BA96 /* Environment.swift */; };
		4189E6121C893C190077BA96 /* Environment.swift in Sources */ = {isa = PBXBuildFile; fileRef = 4189E5E11C893C190077BA96 /* Environment.swift */; };
		4189E6131C893C190077BA96 /* ProtocolConstant.swift in Sources */ = {isa = PBXBuildFile; fileRef = 4189E5E21C893C190077BA96 /* ProtocolConstant.swift */; };
		4189E6141C893C190077BA96 /* ProtocolConstant.swift in Sources */ = {isa = PBXBuildFile; fileRef = 4189E5E21C893C190077BA96 /* ProtocolConstant.swift */; };
		4189E6151C893C190077BA96 /* ProtocolConstant.swift in Sources */ = {isa = PBXBuildFile; fileRef = 4189E5E21C893C190077BA96 /* ProtocolConstant.swift */; };
		4189E6161C893C190077BA96 /* Record.swift in Sources */ = {isa = PBXBuildFile; fileRef = 4189E5E31C893C190077BA96 /* Record.swift */; };
		4189E6171C893C190077BA96 /* Record.swift in Sources */ = {isa = PBXBuildFile; fileRef = 4189E5E31C893C190077BA96 /* Record.swift */; };
		4189E6181C893C190077BA96 /* Record.swift in Sources */ = {isa = PBXBuildFile; fileRef = 4189E5E31C893C190077BA96 /* Record.swift */; };
		4189E6191C893C190077BA96 /* Request.swift in Sources */ = {isa = PBXBuildFile; fileRef = 4189E5E41C893C190077BA96 /* Request.swift */; };
		4189E61A1C893C190077BA96 /* Request.swift in Sources */ = {isa = PBXBuildFile; fileRef = 4189E5E41C893C190077BA96 /* Request.swift */; };
		4189E61B1C893C190077BA96 /* Request.swift in Sources */ = {isa = PBXBuildFile; fileRef = 4189E5E41C893C190077BA96 /* Request.swift */; };
		4189E61F1C893C190077BA96 /* Server.swift in Sources */ = {isa = PBXBuildFile; fileRef = 4189E5E71C893C190077BA96 /* Server.swift */; };
		4189E6201C893C190077BA96 /* Server.swift in Sources */ = {isa = PBXBuildFile; fileRef = 4189E5E71C893C190077BA96 /* Server.swift */; };
		4189E6211C893C190077BA96 /* Server.swift in Sources */ = {isa = PBXBuildFile; fileRef = 4189E5E71C893C190077BA96 /* Server.swift */; };
		4189E6221C893C190077BA96 /* Socket.swift in Sources */ = {isa = PBXBuildFile; fileRef = 4189E5E91C893C190077BA96 /* Socket.swift */; };
		4189E6231C893C190077BA96 /* Socket.swift in Sources */ = {isa = PBXBuildFile; fileRef = 4189E5E91C893C190077BA96 /* Socket.swift */; };
		4189E6241C893C190077BA96 /* Socket.swift in Sources */ = {isa = PBXBuildFile; fileRef = 4189E5E91C893C190077BA96 /* Socket.swift */; };
		4189E6251C893C190077BA96 /* String+BytesConvert.swift in Sources */ = {isa = PBXBuildFile; fileRef = 4189E5EA1C893C190077BA96 /* String+BytesConvert.swift */; };
		4189E6261C893C190077BA96 /* String+BytesConvert.swift in Sources */ = {isa = PBXBuildFile; fileRef = 4189E5EA1C893C190077BA96 /* String+BytesConvert.swift */; };
		4189E6271C893C190077BA96 /* String+BytesConvert.swift in Sources */ = {isa = PBXBuildFile; fileRef = 4189E5EA1C893C190077BA96 /* String+BytesConvert.swift */; };
		4189E6281C893C190077BA96 /* Utils.swift in Sources */ = {isa = PBXBuildFile; fileRef = 4189E5EB1C893C190077BA96 /* Utils.swift */; };
		4189E6291C893C190077BA96 /* Utils.swift in Sources */ = {isa = PBXBuildFile; fileRef = 4189E5EB1C893C190077BA96 /* Utils.swift */; };
		4189E62A1C893C190077BA96 /* Utils.swift in Sources */ = {isa = PBXBuildFile; fileRef = 4189E5EB1C893C190077BA96 /* Utils.swift */; };
		418E0F261C89E6110007475F /* FCGIServer.swift in Sources */ = {isa = PBXBuildFile; fileRef = 418E0F251C89E6110007475F /* FCGIServer.swift */; };
		41EE36501C87F4740091844C /* main.swift in Sources */ = {isa = PBXBuildFile; fileRef = 41EE364F1C87F4740091844C /* main.swift */; };
		41EE36801C87F4F20091844C /* UnitTests.swift in Sources */ = {isa = PBXBuildFile; fileRef = 41EE367F1C87F4F20091844C /* UnitTests.swift */; };
/* End PBXBuildFile section */

/* Begin PBXCopyFilesBuildPhase section */
		41EE364A1C87F4740091844C /* CopyFiles */ = {
			isa = PBXCopyFilesBuildPhase;
			buildActionMask = 2147483647;
			dstPath = /usr/share/man/man1/;
			dstSubfolderSpec = 0;
			files = (
			);
			runOnlyForDeploymentPostprocessing = 1;
		};
		41EE369B1C8817110091844C /* CopyFiles */ = {
			isa = PBXCopyFilesBuildPhase;
			buildActionMask = 2147483647;
			dstPath = /usr/share/man/man1/;
			dstSubfolderSpec = 0;
			files = (
			);
			runOnlyForDeploymentPostprocessing = 1;
		};
/* End PBXCopyFilesBuildPhase section */

/* Begin PBXFileReference section */
		410378D41C8A858C0064FCD0 /* LocalTesting.xctest */ = {isa = PBXFileReference; explicitFileType = wrapper.cfbundle; includeInIndex = 0; path = LocalTesting.xctest; sourceTree = BUILT_PRODUCTS_DIR; };
		410378F51C8A873A0064FCD0 /* ProtocolTests.xctest */ = {isa = PBXFileReference; explicitFileType = wrapper.cfbundle; includeInIndex = 0; path = ProtocolTests.xctest; sourceTree = BUILT_PRODUCTS_DIR; };
		410378F71C8A873A0064FCD0 /* ProtocolTests.swift */ = {isa = PBXFileReference; lastKnownFileType = sourcecode.swift; path = ProtocolTests.swift; sourceTree = "<group>"; };
		410378F91C8A873A0064FCD0 /* Info.plist */ = {isa = PBXFileReference; lastKnownFileType = text.plist.xml; path = Info.plist; sourceTree = "<group>"; };
		4129453C1C8C7042005897CA /* MultiplexConnection.swift */ = {isa = PBXFileReference; fileEncoding = 4; lastKnownFileType = sourcecode.swift; path = MultiplexConnection.swift; sourceTree = "<group>"; };
		412945411C8C9111005897CA /* Multi_Connections.swift */ = {isa = PBXFileReference; fileEncoding = 4; lastKnownFileType = sourcecode.swift; path = Multi_Connections.swift; sourceTree = "<group>"; };
		4189E5CF1C893C190077BA96 /* Application.swift */ = {isa = PBXFileReference; fileEncoding = 4; lastKnownFileType = sourcecode.swift; path = Application.swift; sourceTree = "<group>"; };
		4189E5D11C893C190077BA96 /* Connection.swift */ = {isa = PBXFileReference; fileEncoding = 4; lastKnownFileType = sourcecode.swift; path = Connection.swift; sourceTree = "<group>"; };
		4189E5D21C893C190077BA96 /* SingleConnection.swift */ = {isa = PBXFileReference; fileEncoding = 4; lastKnownFileType = sourcecode.swift; path = SingleConnection.swift; sourceTree = "<group>"; };
		4189E5D31C893C190077BA96 /* Exception.swift */ = {isa = PBXFileReference; fileEncoding = 4; lastKnownFileType = sourcecode.swift; path = Exception.swift; sourceTree = "<group>"; };
		4189E5D51C893C190077BA96 /* BufferedInputStorage.swift */ = {isa = PBXFileReference; fileEncoding = 4; lastKnownFileType = sourcecode.swift; path = BufferedInputStorage.swift; sourceTree = "<group>"; };
		4189E5D61C893C190077BA96 /* InputStorage.swift */ = {isa = PBXFileReference; fileEncoding = 4; lastKnownFileType = sourcecode.swift; path = InputStorage.swift; sourceTree = "<group>"; };
		4189E5D81C893C190077BA96 /* InputStream.swift */ = {isa = PBXFileReference; fileEncoding = 4; lastKnownFileType = sourcecode.swift; path = InputStream.swift; sourceTree = "<group>"; };
		4189E5D91C893C190077BA96 /* RawInputStream.swift */ = {isa = PBXFileReference; fileEncoding = 4; lastKnownFileType = sourcecode.swift; path = RawInputStream.swift; sourceTree = "<group>"; };
		4189E5DB1C893C190077BA96 /* BufferedOutputStorage.swift */ = {isa = PBXFileReference; fileEncoding = 4; lastKnownFileType = sourcecode.swift; path = BufferedOutputStorage.swift; sourceTree = "<group>"; };
		4189E5DC1C893C190077BA96 /* OutputStorage.swift */ = {isa = PBXFileReference; fileEncoding = 4; lastKnownFileType = sourcecode.swift; path = OutputStorage.swift; sourceTree = "<group>"; };
		4189E5DE1C893C190077BA96 /* OutputStream.swift */ = {isa = PBXFileReference; fileEncoding = 4; lastKnownFileType = sourcecode.swift; path = OutputStream.swift; sourceTree = "<group>"; };
		4189E5DF1C893C190077BA96 /* RawOutputStream.swift */ = {isa = PBXFileReference; fileEncoding = 4; lastKnownFileType = sourcecode.swift; path = RawOutputStream.swift; sourceTree = "<group>"; };
		4189E5E11C893C190077BA96 /* Environment.swift */ = {isa = PBXFileReference; fileEncoding = 4; lastKnownFileType = sourcecode.swift; path = Environment.swift; sourceTree = "<group>"; };
		4189E5E21C893C190077BA96 /* ProtocolConstant.swift */ = {isa = PBXFileReference; fileEncoding = 4; lastKnownFileType = sourcecode.swift; path = ProtocolConstant.swift; sourceTree = "<group>"; };
		4189E5E31C893C190077BA96 /* Record.swift */ = {isa = PBXFileReference; fileEncoding = 4; lastKnownFileType = sourcecode.swift; path = Record.swift; sourceTree = "<group>"; };
		4189E5E41C893C190077BA96 /* Request.swift */ = {isa = PBXFileReference; fileEncoding = 4; lastKnownFileType = sourcecode.swift; path = Request.swift; sourceTree = "<group>"; };
		4189E5E71C893C190077BA96 /* Server.swift */ = {isa = PBXFileReference; fileEncoding = 4; lastKnownFileType = sourcecode.swift; path = Server.swift; sourceTree = "<group>"; };
		4189E5E91C893C190077BA96 /* Socket.swift */ = {isa = PBXFileReference; fileEncoding = 4; lastKnownFileType = sourcecode.swift; path = Socket.swift; sourceTree = "<group>"; };
		4189E5EA1C893C190077BA96 /* String+BytesConvert.swift */ = {isa = PBXFileReference; fileEncoding = 4; lastKnownFileType = sourcecode.swift; path = "String+BytesConvert.swift"; sourceTree = "<group>"; };
		4189E5EB1C893C190077BA96 /* Utils.swift */ = {isa = PBXFileReference; fileEncoding = 4; lastKnownFileType = sourcecode.swift; path = Utils.swift; sourceTree = "<group>"; };
		418E0F251C89E6110007475F /* FCGIServer.swift */ = {isa = PBXFileReference; fileEncoding = 4; lastKnownFileType = sourcecode.swift; path = FCGIServer.swift; sourceTree = "<group>"; };
		41EE364C1C87F4740091844C /* XcodeProject */ = {isa = PBXFileReference; explicitFileType = "compiled.mach-o.executable"; includeInIndex = 0; path = XcodeProject; sourceTree = BUILT_PRODUCTS_DIR; };
		41EE364F1C87F4740091844C /* main.swift */ = {isa = PBXFileReference; lastKnownFileType = sourcecode.swift; path = main.swift; sourceTree = "<group>"; };
		41EE367D1C87F4F20091844C /* UnitTests.xctest */ = {isa = PBXFileReference; explicitFileType = wrapper.cfbundle; includeInIndex = 0; path = UnitTests.xctest; sourceTree = BUILT_PRODUCTS_DIR; };
		41EE367F1C87F4F20091844C /* UnitTests.swift */ = {isa = PBXFileReference; lastKnownFileType = sourcecode.swift; path = UnitTests.swift; sourceTree = "<group>"; };
		41EE36811C87F4F20091844C /* Info.plist */ = {isa = PBXFileReference; lastKnownFileType = text.plist.xml; path = Info.plist; sourceTree = "<group>"; };
		41EE369D1C8817110091844C /* SimpleClient */ = {isa = PBXFileReference; explicitFileType = "compiled.mach-o.executable"; includeInIndex = 0; path = SimpleClient; sourceTree = BUILT_PRODUCTS_DIR; };
/* End PBXFileReference section */

/* Begin PBXFrameworksBuildPhase section */
		410378D11C8A858C0064FCD0 /* Frameworks */ = {
			isa = PBXFrameworksBuildPhase;
			buildActionMask = 2147483647;
			files = (
			);
			runOnlyForDeploymentPostprocessing = 0;
		};
		410378F21C8A873A0064FCD0 /* Frameworks */ = {
			isa = PBXFrameworksBuildPhase;
			buildActionMask = 2147483647;
			files = (
			);
			runOnlyForDeploymentPostprocessing = 0;
		};
		41EE36491C87F4740091844C /* Frameworks */ = {
			isa = PBXFrameworksBuildPhase;
			buildActionMask = 2147483647;
			files = (
			);
			runOnlyForDeploymentPostprocessing = 0;
		};
		41EE367A1C87F4F20091844C /* Frameworks */ = {
			isa = PBXFrameworksBuildPhase;
			buildActionMask = 2147483647;
			files = (
			);
			runOnlyForDeploymentPostprocessing = 0;
		};
		41EE369A1C8817110091844C /* Frameworks */ = {
			isa = PBXFrameworksBuildPhase;
			buildActionMask = 2147483647;
			files = (
			);
			runOnlyForDeploymentPostprocessing = 0;
		};
/* End PBXFrameworksBuildPhase section */

/* Begin PBXGroup section */
		410378F61C8A873A0064FCD0 /* ProtocolTests */ = {
			isa = PBXGroup;
			children = (
				412945411C8C9111005897CA /* Multi_Connections.swift */,
				410378F71C8A873A0064FCD0 /* ProtocolTests.swift */,
				410378F91C8A873A0064FCD0 /* Info.plist */,
			);
			path = ProtocolTests;
			sourceTree = "<group>";
		};
		4189E5CE1C893C190077BA96 /* Application */ = {
			isa = PBXGroup;
			children = (
				4189E5CF1C893C190077BA96 /* Application.swift */,
			);
			path = Application;
			sourceTree = "<group>";
		};
		4189E5D01C893C190077BA96 /* Connection */ = {
			isa = PBXGroup;
			children = (
				4189E5D11C893C190077BA96 /* Connection.swift */,
				4189E5D21C893C190077BA96 /* SingleConnection.swift */,
				4129453C1C8C7042005897CA /* MultiplexConnection.swift */,
			);
			path = Connection;
			sourceTree = "<group>";
		};
		4189E5D41C893C190077BA96 /* InputStorage */ = {
			isa = PBXGroup;
			children = (
				4189E5D51C893C190077BA96 /* BufferedInputStorage.swift */,
				4189E5D61C893C190077BA96 /* InputStorage.swift */,
			);
			path = InputStorage;
			sourceTree = "<group>";
		};
		4189E5D71C893C190077BA96 /* InputStream */ = {
			isa = PBXGroup;
			children = (
				4189E5D81C893C190077BA96 /* InputStream.swift */,
				4189E5D91C893C190077BA96 /* RawInputStream.swift */,
			);
			path = InputStream;
			sourceTree = "<group>";
		};
		4189E5DA1C893C190077BA96 /* OutputStorage */ = {
			isa = PBXGroup;
			children = (
				4189E5DB1C893C190077BA96 /* BufferedOutputStorage.swift */,
				4189E5DC1C893C190077BA96 /* OutputStorage.swift */,
			);
			path = OutputStorage;
			sourceTree = "<group>";
		};
		4189E5DD1C893C190077BA96 /* OutputStream */ = {
			isa = PBXGroup;
			children = (
				4189E5DE1C893C190077BA96 /* OutputStream.swift */,
				4189E5DF1C893C190077BA96 /* RawOutputStream.swift */,
			);
			path = OutputStream;
			sourceTree = "<group>";
		};
		4189E5E01C893C190077BA96 /* Protocol */ = {
			isa = PBXGroup;
			children = (
				4189E5E11C893C190077BA96 /* Environment.swift */,
				4189E5E21C893C190077BA96 /* ProtocolConstant.swift */,
				4189E5E31C893C190077BA96 /* Record.swift */,
				4189E5E41C893C190077BA96 /* Request.swift */,
			);
			path = Protocol;
			sourceTree = "<group>";
		};
		4189E5E51C893C190077BA96 /* Server */ = {
			isa = PBXGroup;
			children = (
				418E0F251C89E6110007475F /* FCGIServer.swift */,
				4189E5E71C893C190077BA96 /* Server.swift */,
			);
			path = Server;
			sourceTree = "<group>";
		};
		4189E5E81C893C190077BA96 /* Utils */ = {
			isa = PBXGroup;
			children = (
				4189E5E91C893C190077BA96 /* Socket.swift */,
				4189E5EA1C893C190077BA96 /* String+BytesConvert.swift */,
				4189E5EB1C893C190077BA96 /* Utils.swift */,
			);
			path = Utils;
			sourceTree = "<group>";
		};
		41EE36431C87F4740091844C = {
			isa = PBXGroup;
			children = (
				41EE36561C87F47F0091844C /* Sources */,
				41EE364E1C87F4740091844C /* XcodeProject */,
				41EE367E1C87F4F20091844C /* UnitTests */,
				410378F61C8A873A0064FCD0 /* ProtocolTests */,
				41EE364D1C87F4740091844C /* Products */,
			);
			sourceTree = "<group>";
		};
		41EE364D1C87F4740091844C /* Products */ = {
			isa = PBXGroup;
			children = (
				41EE364C1C87F4740091844C /* XcodeProject */,
				41EE367D1C87F4F20091844C /* UnitTests.xctest */,
				41EE369D1C8817110091844C /* SimpleClient */,
				410378D41C8A858C0064FCD0 /* LocalTesting.xctest */,
				410378F51C8A873A0064FCD0 /* ProtocolTests.xctest */,
			);
			name = Products;
			sourceTree = "<group>";
		};
		41EE364E1C87F4740091844C /* XcodeProject */ = {
			isa = PBXGroup;
			children = (
				41EE364F1C87F4740091844C /* main.swift */,
			);
			path = XcodeProject;
			sourceTree = "<group>";
		};
		41EE36561C87F47F0091844C /* Sources */ = {
			isa = PBXGroup;
			children = (
				4189E5CE1C893C190077BA96 /* Application */,
				4189E5D01C893C190077BA96 /* Connection */,
				4189E5D31C893C190077BA96 /* Exception.swift */,
				4189E5D41C893C190077BA96 /* InputStorage */,
				4189E5D71C893C190077BA96 /* InputStream */,
				4189E5DA1C893C190077BA96 /* OutputStorage */,
				4189E5DD1C893C190077BA96 /* OutputStream */,
				4189E5E01C893C190077BA96 /* Protocol */,
				4189E5E51C893C190077BA96 /* Server */,
				4189E5E81C893C190077BA96 /* Utils */,
			);
			name = Sources;
			path = ../Sources;
			sourceTree = "<group>";
		};
		41EE367E1C87F4F20091844C /* UnitTests */ = {
			isa = PBXGroup;
			children = (
				41EE367F1C87F4F20091844C /* UnitTests.swift */,
				41EE36811C87F4F20091844C /* Info.plist */,
			);
			path = UnitTests;
			sourceTree = "<group>";
		};
/* End PBXGroup section */

/* Begin PBXNativeTarget section */
		410378D31C8A858C0064FCD0 /* LocalTesting */ = {
			isa = PBXNativeTarget;
			buildConfigurationList = 410378D91C8A858C0064FCD0 /* Build configuration list for PBXNativeTarget "LocalTesting" */;
			buildPhases = (
				410378D01C8A858C0064FCD0 /* Sources */,
				410378D11C8A858C0064FCD0 /* Frameworks */,
				410378D21C8A858C0064FCD0 /* Resources */,
			);
			buildRules = (
			);
			dependencies = (
			);
			name = LocalTesting;
			productName = LocalTesting;
			productReference = 410378D41C8A858C0064FCD0 /* LocalTesting.xctest */;
			productType = "com.apple.product-type.bundle.ui-testing";
		};
		410378F41C8A873A0064FCD0 /* ProtocolTests */ = {
			isa = PBXNativeTarget;
			buildConfigurationList = 410378FA1C8A873A0064FCD0 /* Build configuration list for PBXNativeTarget "ProtocolTests" */;
			buildPhases = (
				410378F11C8A873A0064FCD0 /* Sources */,
				410378F21C8A873A0064FCD0 /* Frameworks */,
				410378F31C8A873A0064FCD0 /* Resources */,
			);
			buildRules = (
			);
			dependencies = (
			);
			name = ProtocolTests;
			productName = ProtocolTests;
			productReference = 410378F51C8A873A0064FCD0 /* ProtocolTests.xctest */;
			productType = "com.apple.product-type.bundle.unit-test";
		};
		41EE364B1C87F4740091844C /* XcodeProject */ = {
			isa = PBXNativeTarget;
			buildConfigurationList = 41EE36531C87F4740091844C /* Build configuration list for PBXNativeTarget "XcodeProject" */;
			buildPhases = (
				41EE36481C87F4740091844C /* Sources */,
				41EE36491C87F4740091844C /* Frameworks */,
				41EE364A1C87F4740091844C /* CopyFiles */,
			);
			buildRules = (
			);
			dependencies = (
			);
			name = XcodeProject;
			productName = XcodeProject;
			productReference = 41EE364C1C87F4740091844C /* XcodeProject */;
			productType = "com.apple.product-type.tool";
		};
		41EE367C1C87F4F20091844C /* UnitTests */ = {
			isa = PBXNativeTarget;
			buildConfigurationList = 41EE36821C87F4F20091844C /* Build configuration list for PBXNativeTarget "UnitTests" */;
			buildPhases = (
				41EE36791C87F4F20091844C /* Sources */,
				41EE367A1C87F4F20091844C /* Frameworks */,
				41EE367B1C87F4F20091844C /* Resources */,
			);
			buildRules = (
			);
			dependencies = (
			);
			name = UnitTests;
			productName = UnitTests;
			productReference = 41EE367D1C87F4F20091844C /* UnitTests.xctest */;
			productType = "com.apple.product-type.bundle.unit-test";
		};
		41EE369C1C8817110091844C /* SimpleClient */ = {
			isa = PBXNativeTarget;
			buildConfigurationList = 41EE36A11C8817110091844C /* Build configuration list for PBXNativeTarget "SimpleClient" */;
			buildPhases = (
				41EE36991C8817110091844C /* Sources */,
				41EE369A1C8817110091844C /* Frameworks */,
				41EE369B1C8817110091844C /* CopyFiles */,
			);
			buildRules = (
			);
			dependencies = (
			);
			name = SimpleClient;
			productName = SimpleClient;
			productReference = 41EE369D1C8817110091844C /* SimpleClient */;
			productType = "com.apple.product-type.tool";
		};
/* End PBXNativeTarget section */

/* Begin PBXProject section */
		41EE36441C87F4740091844C /* Project object */ = {
			isa = PBXProject;
			attributes = {
				LastSwiftUpdateCheck = 0720;
				LastUpgradeCheck = 0720;
				ORGANIZATIONNAME = Tqtifnypmb;
				TargetAttributes = {
					410378D31C8A858C0064FCD0 = {
						CreatedOnToolsVersion = 7.2;
					};
					410378F41C8A873A0064FCD0 = {
						CreatedOnToolsVersion = 7.2;
					};
					41EE364B1C87F4740091844C = {
						CreatedOnToolsVersion = 7.2;
					};
					41EE367C1C87F4F20091844C = {
						CreatedOnToolsVersion = 7.2;
					};
					41EE369C1C8817110091844C = {
						CreatedOnToolsVersion = 7.2;
					};
				};
			};
			buildConfigurationList = 41EE36471C87F4740091844C /* Build configuration list for PBXProject "XcodeProject" */;
			compatibilityVersion = "Xcode 3.2";
			developmentRegion = English;
			hasScannedForEncodings = 0;
			knownRegions = (
				en,
			);
			mainGroup = 41EE36431C87F4740091844C;
			productRefGroup = 41EE364D1C87F4740091844C /* Products */;
			projectDirPath = "";
			projectRoot = "";
			targets = (
				41EE364B1C87F4740091844C /* XcodeProject */,
				41EE367C1C87F4F20091844C /* UnitTests */,
				41EE369C1C8817110091844C /* SimpleClient */,
				410378D31C8A858C0064FCD0 /* LocalTesting */,
				410378F41C8A873A0064FCD0 /* ProtocolTests */,
			);
		};
/* End PBXProject section */

/* Begin PBXResourcesBuildPhase section */
		410378D21C8A858C0064FCD0 /* Resources */ = {
			isa = PBXResourcesBuildPhase;
			buildActionMask = 2147483647;
			files = (
			);
			runOnlyForDeploymentPostprocessing = 0;
		};
		410378F31C8A873A0064FCD0 /* Resources */ = {
			isa = PBXResourcesBuildPhase;
			buildActionMask = 2147483647;
			files = (
			);
			runOnlyForDeploymentPostprocessing = 0;
		};
		41EE367B1C87F4F20091844C /* Resources */ = {
			isa = PBXResourcesBuildPhase;
			buildActionMask = 2147483647;
			files = (
			);
			runOnlyForDeploymentPostprocessing = 0;
		};
/* End PBXResourcesBuildPhase section */

/* Begin PBXSourcesBuildPhase section */
		410378D01C8A858C0064FCD0 /* Sources */ = {
			isa = PBXSourcesBuildPhase;
			buildActionMask = 2147483647;
			files = (
				410378DC1C8A86A00064FCD0 /* OutputStream.swift in Sources */,
				410378DF1C8A86A30064FCD0 /* ProtocolConstant.swift in Sources */,
				410378F01C8A86B90064FCD0 /* Application.swift in Sources */,
				410378EC1C8A86B20064FCD0 /* OutputStorage.swift in Sources */,
				410378E81C8A86AB0064FCD0 /* InputStorage.swift in Sources */,
				410378E41C8A86A90064FCD0 /* Socket.swift in Sources */,
				410378E91C8A86AF0064FCD0 /* InputStream.swift in Sources */,
				410378EF1C8A86B70064FCD0 /* Exception.swift in Sources */,
				410378EA1C8A86AF0064FCD0 /* RawInputStream.swift in Sources */,
				410378EB1C8A86B20064FCD0 /* BufferedOutputStorage.swift in Sources */,
				410378E01C8A86A30064FCD0 /* Record.swift in Sources */,
				410378DE1C8A86A30064FCD0 /* Environment.swift in Sources */,
				410378E11C8A86A30064FCD0 /* Request.swift in Sources */,
				410378EE1C8A86B70064FCD0 /* SingleConnection.swift in Sources */,
				410378ED1C8A86B70064FCD0 /* Connection.swift in Sources */,
				410378E51C8A86A90064FCD0 /* String+BytesConvert.swift in Sources */,
				410378DD1C8A86A00064FCD0 /* RawOutputStream.swift in Sources */,
				410378E71C8A86AB0064FCD0 /* BufferedInputStorage.swift in Sources */,
				410378E31C8A86A60064FCD0 /* Server.swift in Sources */,
				410378E61C8A86A90064FCD0 /* Utils.swift in Sources */,
			);
			runOnlyForDeploymentPostprocessing = 0;
		};
		410378F11C8A873A0064FCD0 /* Sources */ = {
			isa = PBXSourcesBuildPhase;
			buildActionMask = 2147483647;
			files = (
				412945431C8C913F005897CA /* Application.swift in Sources */,
				410379031C8A87690064FCD0 /* InputStream.swift in Sources */,
				410379001C8A87630064FCD0 /* Exception.swift in Sources */,
				410379101C8A87760064FCD0 /* String+BytesConvert.swift in Sources */,
				410379091C8A87710064FCD0 /* Environment.swift in Sources */,
				410379061C8A876C0064FCD0 /* OutputStorage.swift in Sources */,
				410379111C8A87760064FCD0 /* Utils.swift in Sources */,
				410379021C8A87650064FCD0 /* InputStorage.swift in Sources */,
				4103790B1C8A87710064FCD0 /* Record.swift in Sources */,
				4103790C1C8A87710064FCD0 /* Request.swift in Sources */,
				4103790A1C8A87710064FCD0 /* ProtocolConstant.swift in Sources */,
				412945441C8C9144005897CA /* FCGIServer.swift in Sources */,
				410378FE1C8A87630064FCD0 /* Connection.swift in Sources */,
				410379041C8A87690064FCD0 /* RawInputStream.swift in Sources */,
				4103790F1C8A87760064FCD0 /* Socket.swift in Sources */,
				4103790E1C8A87740064FCD0 /* Server.swift in Sources */,
				410378F81C8A873A0064FCD0 /* ProtocolTests.swift in Sources */,
				410379051C8A876C0064FCD0 /* BufferedOutputStorage.swift in Sources */,
				410379081C8A876E0064FCD0 /* RawOutputStream.swift in Sources */,
				410378FF1C8A87630064FCD0 /* SingleConnection.swift in Sources */,
				410379071C8A876E0064FCD0 /* OutputStream.swift in Sources */,
				4129453E1C8C7D25005897CA /* MultiplexConnection.swift in Sources */,
				410379011C8A87650064FCD0 /* BufferedInputStorage.swift in Sources */,
				412945421C8C9111005897CA /* Multi_Connections.swift in Sources */,
			);
			runOnlyForDeploymentPostprocessing = 0;
		};
		41EE36481C87F4740091844C /* Sources */ = {
			isa = PBXSourcesBuildPhase;
			buildActionMask = 2147483647;
			files = (
				4189E5FE1C893C190077BA96 /* InputStream.swift in Sources */,
				4189E5EC1C893C190077BA96 /* Application.swift in Sources */,
				4189E5F51C893C190077BA96 /* Exception.swift in Sources */,
				4189E6251C893C190077BA96 /* String+BytesConvert.swift in Sources */,
				4189E6101C893C190077BA96 /* Environment.swift in Sources */,
				4189E6071C893C190077BA96 /* OutputStorage.swift in Sources */,
				4189E6281C893C190077BA96 /* Utils.swift in Sources */,
				4189E5FB1C893C190077BA96 /* InputStorage.swift in Sources */,
				4189E6161C893C190077BA96 /* Record.swift in Sources */,
				418E0F261C89E6110007475F /* FCGIServer.swift in Sources */,
				4189E6191C893C190077BA96 /* Request.swift in Sources */,
				4189E6131C893C190077BA96 /* ProtocolConstant.swift in Sources */,
				4189E5EF1C893C190077BA96 /* Connection.swift in Sources */,
				4189E6011C893C190077BA96 /* RawInputStream.swift in Sources */,
				4189E6221C893C190077BA96 /* Socket.swift in Sources */,
				4189E61F1C893C190077BA96 /* Server.swift in Sources */,
				41EE36501C87F4740091844C /* main.swift in Sources */,
				4189E6041C893C190077BA96 /* BufferedOutputStorage.swift in Sources */,
				4189E60D1C893C190077BA96 /* RawOutputStream.swift in Sources */,
				4189E5F21C893C190077BA96 /* SingleConnection.swift in Sources */,
				4189E60A1C893C190077BA96 /* OutputStream.swift in Sources */,
				4129453D1C8C7042005897CA /* MultiplexConnection.swift in Sources */,
				4189E5F81C893C190077BA96 /* BufferedInputStorage.swift in Sources */,
			);
			runOnlyForDeploymentPostprocessing = 0;
		};
		41EE36791C87F4F20091844C /* Sources */ = {
			isa = PBXSourcesBuildPhase;
			buildActionMask = 2147483647;
			files = (
				4189E5FF1C893C190077BA96 /* InputStream.swift in Sources */,
				4189E5ED1C893C190077BA96 /* Application.swift in Sources */,
				4189E5F61C893C190077BA96 /* Exception.swift in Sources */,
				4189E6261C893C190077BA96 /* String+BytesConvert.swift in Sources */,
				4189E6111C893C190077BA96 /* Environment.swift in Sources */,
				4189E6081C893C190077BA96 /* OutputStorage.swift in Sources */,
				4189E6291C893C190077BA96 /* Utils.swift in Sources */,
				4189E5FC1C893C190077BA96 /* InputStorage.swift in Sources */,
				4189E6171C893C190077BA96 /* Record.swift in Sources */,
				4189E61A1C893C190077BA96 /* Request.swift in Sources */,
				4189E6141C893C190077BA96 /* ProtocolConstant.swift in Sources */,
				4189E5F01C893C190077BA96 /* Connection.swift in Sources */,
				4189E6021C893C190077BA96 /* RawInputStream.swift in Sources */,
				4189E6231C893C190077BA96 /* Socket.swift in Sources */,
				4189E6201C893C190077BA96 /* Server.swift in Sources */,
				41EE36801C87F4F20091844C /* UnitTests.swift in Sources */,
				4189E6051C893C190077BA96 /* BufferedOutputStorage.swift in Sources */,
				4189E60E1C893C190077BA96 /* RawOutputStream.swift in Sources */,
				4189E5F31C893C190077BA96 /* SingleConnection.swift in Sources */,
				4189E60B1C893C190077BA96 /* OutputStream.swift in Sources */,
				4189E5F91C893C190077BA96 /* BufferedInputStorage.swift in Sources */,
			);
			runOnlyForDeploymentPostprocessing = 0;
		};
		41EE36991C8817110091844C /* Sources */ = {
			isa = PBXSourcesBuildPhase;
			buildActionMask = 2147483647;
			files = (
				4189E6001C893C190077BA96 /* InputStream.swift in Sources */,
				4189E5EE1C893C190077BA96 /* Application.swift in Sources */,
				4189E5F71C893C190077BA96 /* Exception.swift in Sources */,
				4189E6271C893C190077BA96 /* String+BytesConvert.swift in Sources */,
				4189E6121C893C190077BA96 /* Environment.swift in Sources */,
				4189E6091C893C190077BA96 /* OutputStorage.swift in Sources */,
				4189E62A1C893C190077BA96 /* Utils.swift in Sources */,
				4189E5FD1C893C190077BA96 /* InputStorage.swift in Sources */,
				4189E6181C893C190077BA96 /* Record.swift in Sources */,
				4189E61B1C893C190077BA96 /* Request.swift in Sources */,
				4189E6151C893C190077BA96 /* ProtocolConstant.swift in Sources */,
				4189E5F11C893C190077BA96 /* Connection.swift in Sources */,
				4189E6031C893C190077BA96 /* RawInputStream.swift in Sources */,
				4189E6241C893C190077BA96 /* Socket.swift in Sources */,
				4189E6211C893C190077BA96 /* Server.swift in Sources */,
				4189E6061C893C190077BA96 /* BufferedOutputStorage.swift in Sources */,
				4189E60F1C893C190077BA96 /* RawOutputStream.swift in Sources */,
				4189E5F41C893C190077BA96 /* SingleConnection.swift in Sources */,
				4189E60C1C893C190077BA96 /* OutputStream.swift in Sources */,
				4189E5FA1C893C190077BA96 /* BufferedInputStorage.swift in Sources */,
			);
			runOnlyForDeploymentPostprocessing = 0;
		};
/* End PBXSourcesBuildPhase section */

/* Begin XCBuildConfiguration section */
		410378DA1C8A858C0064FCD0 /* Debug */ = {
			isa = XCBuildConfiguration;
			buildSettings = {
				COMBINE_HIDPI_IMAGES = YES;
				INFOPLIST_FILE = LocalTesting/Info.plist;
				LD_RUNPATH_SEARCH_PATHS = "$(inherited) @executable_path/../Frameworks @loader_path/../Frameworks";
				PRODUCT_BUNDLE_IDENTIFIER = tqtifnypmb.LocalTesting;
				PRODUCT_NAME = "$(TARGET_NAME)";
			};
			name = Debug;
		};
		410378DB1C8A858C0064FCD0 /* Release */ = {
			isa = XCBuildConfiguration;
			buildSettings = {
				COMBINE_HIDPI_IMAGES = YES;
				INFOPLIST_FILE = LocalTesting/Info.plist;
				LD_RUNPATH_SEARCH_PATHS = "$(inherited) @executable_path/../Frameworks @loader_path/../Frameworks";
				PRODUCT_BUNDLE_IDENTIFIER = tqtifnypmb.LocalTesting;
				PRODUCT_NAME = "$(TARGET_NAME)";
			};
			name = Release;
		};
		410378FB1C8A873A0064FCD0 /* Debug */ = {
			isa = XCBuildConfiguration;
			buildSettings = {
				COMBINE_HIDPI_IMAGES = YES;
				INFOPLIST_FILE = ProtocolTests/Info.plist;
				LD_RUNPATH_SEARCH_PATHS = "$(inherited) @executable_path/../Frameworks @loader_path/../Frameworks";
				PRODUCT_BUNDLE_IDENTIFIER = tqtifnypmb.ProtocolTests;
				PRODUCT_NAME = "$(TARGET_NAME)";
			};
			name = Debug;
		};
		410378FC1C8A873A0064FCD0 /* Release */ = {
			isa = XCBuildConfiguration;
			buildSettings = {
				COMBINE_HIDPI_IMAGES = YES;
				INFOPLIST_FILE = ProtocolTests/Info.plist;
				LD_RUNPATH_SEARCH_PATHS = "$(inherited) @executable_path/../Frameworks @loader_path/../Frameworks";
				PRODUCT_BUNDLE_IDENTIFIER = tqtifnypmb.ProtocolTests;
				PRODUCT_NAME = "$(TARGET_NAME)";
			};
			name = Release;
		};
		41EE36511C87F4740091844C /* Debug */ = {
			isa = XCBuildConfiguration;
			buildSettings = {
				ALWAYS_SEARCH_USER_PATHS = NO;
				CLANG_CXX_LANGUAGE_STANDARD = "gnu++0x";
				CLANG_CXX_LIBRARY = "libc++";
				CLANG_ENABLE_MODULES = YES;
				CLANG_ENABLE_OBJC_ARC = YES;
				CLANG_WARN_BOOL_CONVERSION = YES;
				CLANG_WARN_CONSTANT_CONVERSION = YES;
				CLANG_WARN_DIRECT_OBJC_ISA_USAGE = YES_ERROR;
				CLANG_WARN_EMPTY_BODY = YES;
				CLANG_WARN_ENUM_CONVERSION = YES;
				CLANG_WARN_INT_CONVERSION = YES;
				CLANG_WARN_OBJC_ROOT_CLASS = YES_ERROR;
				CLANG_WARN_UNREACHABLE_CODE = YES;
				CLANG_WARN__DUPLICATE_METHOD_MATCH = YES;
				CODE_SIGN_IDENTITY = "-";
				COPY_PHASE_STRIP = NO;
				DEBUG_INFORMATION_FORMAT = dwarf;
				ENABLE_STRICT_OBJC_MSGSEND = YES;
				ENABLE_TESTABILITY = YES;
				GCC_C_LANGUAGE_STANDARD = gnu99;
				GCC_DYNAMIC_NO_PIC = NO;
				GCC_NO_COMMON_BLOCKS = YES;
				GCC_OPTIMIZATION_LEVEL = 0;
				GCC_PREPROCESSOR_DEFINITIONS = (
					"DEBUG=1",
					"$(inherited)",
				);
				GCC_WARN_64_TO_32_BIT_CONVERSION = YES;
				GCC_WARN_ABOUT_RETURN_TYPE = YES_ERROR;
				GCC_WARN_UNDECLARED_SELECTOR = YES;
				GCC_WARN_UNINITIALIZED_AUTOS = YES_AGGRESSIVE;
				GCC_WARN_UNUSED_FUNCTION = YES;
				GCC_WARN_UNUSED_VARIABLE = YES;
				MACOSX_DEPLOYMENT_TARGET = 10.11;
				MTL_ENABLE_DEBUG_INFO = YES;
				ONLY_ACTIVE_ARCH = YES;
				SDKROOT = macosx;
				SWIFT_OPTIMIZATION_LEVEL = "-Onone";
			};
			name = Debug;
		};
		41EE36521C87F4740091844C /* Release */ = {
			isa = XCBuildConfiguration;
			buildSettings = {
				ALWAYS_SEARCH_USER_PATHS = NO;
				CLANG_CXX_LANGUAGE_STANDARD = "gnu++0x";
				CLANG_CXX_LIBRARY = "libc++";
				CLANG_ENABLE_MODULES = YES;
				CLANG_ENABLE_OBJC_ARC = YES;
				CLANG_WARN_BOOL_CONVERSION = YES;
				CLANG_WARN_CONSTANT_CONVERSION = YES;
				CLANG_WARN_DIRECT_OBJC_ISA_USAGE = YES_ERROR;
				CLANG_WARN_EMPTY_BODY = YES;
				CLANG_WARN_ENUM_CONVERSION = YES;
				CLANG_WARN_INT_CONVERSION = YES;
				CLANG_WARN_OBJC_ROOT_CLASS = YES_ERROR;
				CLANG_WARN_UNREACHABLE_CODE = YES;
				CLANG_WARN__DUPLICATE_METHOD_MATCH = YES;
				CODE_SIGN_IDENTITY = "-";
				COPY_PHASE_STRIP = NO;
				DEBUG_INFORMATION_FORMAT = "dwarf-with-dsym";
				ENABLE_NS_ASSERTIONS = NO;
				ENABLE_STRICT_OBJC_MSGSEND = YES;
				GCC_C_LANGUAGE_STANDARD = gnu99;
				GCC_NO_COMMON_BLOCKS = YES;
				GCC_WARN_64_TO_32_BIT_CONVERSION = YES;
				GCC_WARN_ABOUT_RETURN_TYPE = YES_ERROR;
				GCC_WARN_UNDECLARED_SELECTOR = YES;
				GCC_WARN_UNINITIALIZED_AUTOS = YES_AGGRESSIVE;
				GCC_WARN_UNUSED_FUNCTION = YES;
				GCC_WARN_UNUSED_VARIABLE = YES;
				MACOSX_DEPLOYMENT_TARGET = 10.11;
				MTL_ENABLE_DEBUG_INFO = NO;
				SDKROOT = macosx;
			};
			name = Release;
		};
		41EE36541C87F4740091844C /* Debug */ = {
			isa = XCBuildConfiguration;
			buildSettings = {
				PRODUCT_NAME = "$(TARGET_NAME)";
			};
			name = Debug;
		};
		41EE36551C87F4740091844C /* Release */ = {
			isa = XCBuildConfiguration;
			buildSettings = {
				PRODUCT_NAME = "$(TARGET_NAME)";
			};
			name = Release;
		};
		41EE36831C87F4F20091844C /* Debug */ = {
			isa = XCBuildConfiguration;
			buildSettings = {
				COMBINE_HIDPI_IMAGES = YES;
				INFOPLIST_FILE = UnitTests/Info.plist;
				LD_RUNPATH_SEARCH_PATHS = "$(inherited) @executable_path/../Frameworks @loader_path/../Frameworks";
				PRODUCT_BUNDLE_IDENTIFIER = tqtifnypmb.UnitTests;
				PRODUCT_NAME = "$(TARGET_NAME)";
			};
			name = Debug;
		};
		41EE36841C87F4F20091844C /* Release */ = {
			isa = XCBuildConfiguration;
			buildSettings = {
				COMBINE_HIDPI_IMAGES = YES;
				INFOPLIST_FILE = UnitTests/Info.plist;
				LD_RUNPATH_SEARCH_PATHS = "$(inherited) @executable_path/../Frameworks @loader_path/../Frameworks";
				PRODUCT_BUNDLE_IDENTIFIER = tqtifnypmb.UnitTests;
				PRODUCT_NAME = "$(TARGET_NAME)";
			};
			name = Release;
		};
		41EE36A21C8817110091844C /* Debug */ = {
			isa = XCBuildConfiguration;
			buildSettings = {
				LD_RUNPATH_SEARCH_PATHS = "";
				PRODUCT_NAME = "$(TARGET_NAME)";
			};
			name = Debug;
		};
		41EE36A31C8817110091844C /* Release */ = {
			isa = XCBuildConfiguration;
			buildSettings = {
				LD_RUNPATH_SEARCH_PATHS = "";
				PRODUCT_NAME = "$(TARGET_NAME)";
			};
			name = Release;
		};
/* End XCBuildConfiguration section */

/* Begin XCConfigurationList section */
		410378D91C8A858C0064FCD0 /* Build configuration list for PBXNativeTarget "LocalTesting" */ = {
			isa = XCConfigurationList;
			buildConfigurations = (
				410378DA1C8A858C0064FCD0 /* Debug */,
				410378DB1C8A858C0064FCD0 /* Release */,
			);
			defaultConfigurationIsVisible = 0;
			defaultConfigurationName = Release;
		};
		410378FA1C8A873A0064FCD0 /* Build configuration list for PBXNativeTarget "ProtocolTests" */ = {
			isa = XCConfigurationList;
			buildConfigurations = (
				410378FB1C8A873A0064FCD0 /* Debug */,
				410378FC1C8A873A0064FCD0 /* Release */,
			);
			defaultConfigurationIsVisible = 0;
			defaultConfigurationName = Release;
		};
		41EE36471C87F4740091844C /* Build configuration list for PBXProject "XcodeProject" */ = {
			isa = XCConfigurationList;
			buildConfigurations = (
				41EE36511C87F4740091844C /* Debug */,
				41EE36521C87F4740091844C /* Release */,
			);
			defaultConfigurationIsVisible = 0;
			defaultConfigurationName = Release;
		};
		41EE36531C87F4740091844C /* Build configuration list for PBXNativeTarget "XcodeProject" */ = {
			isa = XCConfigurationList;
			buildConfigurations = (
				41EE36541C87F4740091844C /* Debug */,
				41EE36551C87F4740091844C /* Release */,
			);
			defaultConfigurationIsVisible = 0;
			defaultConfigurationName = Release;
		};
		41EE36821C87F4F20091844C /* Build configuration list for PBXNativeTarget "UnitTests" */ = {
			isa = XCConfigurationList;
			buildConfigurations = (
				41EE36831C87F4F20091844C /* Debug */,
				41EE36841C87F4F20091844C /* Release */,
			);
			defaultConfigurationIsVisible = 0;
			defaultConfigurationName = Release;
		};
		41EE36A11C8817110091844C /* Build configuration list for PBXNativeTarget "SimpleClient" */ = {
			isa = XCConfigurationList;
			buildConfigurations = (
				41EE36A21C8817110091844C /* Debug */,
				41EE36A31C8817110091844C /* Release */,
			);
			defaultConfigurationIsVisible = 0;
			defaultConfigurationName = Release;
		};
/* End XCConfigurationList section */
	};
	rootObject = 41EE36441C87F4740091844C /* Project object */;
}
