// !$*UTF8*$!
{
	archiveVersion = 1;
	classes = {
	};
	objectVersion = 46;
	objects = {

/* Begin PBXBuildFile section */
		41EE36501C87F4740091844C /* main.swift in Sources */ = {isa = PBXBuildFile; fileRef = 41EE364F1C87F4740091844C /* main.swift */; };
		41EE36681C87F47F0091844C /* Application.swift in Sources */ = {isa = PBXBuildFile; fileRef = 41EE36571C87F47F0091844C /* Application.swift */; };
		41EE36691C87F47F0091844C /* BufferedInputStream.swift in Sources */ = {isa = PBXBuildFile; fileRef = 41EE36581C87F47F0091844C /* BufferedInputStream.swift */; };
		41EE366A1C87F47F0091844C /* BufferedOutputStream.swift in Sources */ = {isa = PBXBuildFile; fileRef = 41EE36591C87F47F0091844C /* BufferedOutputStream.swift */; };
		41EE366B1C87F47F0091844C /* Connection.swift in Sources */ = {isa = PBXBuildFile; fileRef = 41EE365A1C87F47F0091844C /* Connection.swift */; };
		41EE366C1C87F47F0091844C /* DebugServer.swift in Sources */ = {isa = PBXBuildFile; fileRef = 41EE365B1C87F47F0091844C /* DebugServer.swift */; };
		41EE366D1C87F47F0091844C /* Environment.swift in Sources */ = {isa = PBXBuildFile; fileRef = 41EE365C1C87F47F0091844C /* Environment.swift */; };
		41EE366E1C87F47F0091844C /* Exception.swift in Sources */ = {isa = PBXBuildFile; fileRef = 41EE365D1C87F47F0091844C /* Exception.swift */; };
		41EE366F1C87F47F0091844C /* InputStream.swift in Sources */ = {isa = PBXBuildFile; fileRef = 41EE365E1C87F47F0091844C /* InputStream.swift */; };
		41EE36701C87F47F0091844C /* OutputStream.swift in Sources */ = {isa = PBXBuildFile; fileRef = 41EE365F1C87F47F0091844C /* OutputStream.swift */; };
		41EE36711C87F47F0091844C /* ProtocolConstant.swift in Sources */ = {isa = PBXBuildFile; fileRef = 41EE36601C87F47F0091844C /* ProtocolConstant.swift */; };
		41EE36721C87F47F0091844C /* Record.swift in Sources */ = {isa = PBXBuildFile; fileRef = 41EE36611C87F47F0091844C /* Record.swift */; };
		41EE36731C87F47F0091844C /* Request.swift in Sources */ = {isa = PBXBuildFile; fileRef = 41EE36621C87F47F0091844C /* Request.swift */; };
		41EE36741C87F47F0091844C /* Server.swift in Sources */ = {isa = PBXBuildFile; fileRef = 41EE36631C87F47F0091844C /* Server.swift */; };
		41EE36751C87F47F0091844C /* SingleConnection.swift in Sources */ = {isa = PBXBuildFile; fileRef = 41EE36641C87F47F0091844C /* SingleConnection.swift */; };
		41EE36761C87F47F0091844C /* Socket.swift in Sources */ = {isa = PBXBuildFile; fileRef = 41EE36651C87F47F0091844C /* Socket.swift */; };
		41EE36771C87F47F0091844C /* String+BytesConvert.swift in Sources */ = {isa = PBXBuildFile; fileRef = 41EE36661C87F47F0091844C /* String+BytesConvert.swift */; };
		41EE36781C87F47F0091844C /* Utils.swift in Sources */ = {isa = PBXBuildFile; fileRef = 41EE36671C87F47F0091844C /* Utils.swift */; };
		41EE36801C87F4F20091844C /* UnitTests.swift in Sources */ = {isa = PBXBuildFile; fileRef = 41EE367F1C87F4F20091844C /* UnitTests.swift */; };
		41EE36851C87F5010091844C /* Application.swift in Sources */ = {isa = PBXBuildFile; fileRef = 41EE36571C87F47F0091844C /* Application.swift */; };
		41EE36861C87F5010091844C /* BufferedInputStream.swift in Sources */ = {isa = PBXBuildFile; fileRef = 41EE36581C87F47F0091844C /* BufferedInputStream.swift */; };
		41EE36871C87F5010091844C /* BufferedOutputStream.swift in Sources */ = {isa = PBXBuildFile; fileRef = 41EE36591C87F47F0091844C /* BufferedOutputStream.swift */; };
		41EE36881C87F5010091844C /* Connection.swift in Sources */ = {isa = PBXBuildFile; fileRef = 41EE365A1C87F47F0091844C /* Connection.swift */; };
		41EE36891C87F5010091844C /* DebugServer.swift in Sources */ = {isa = PBXBuildFile; fileRef = 41EE365B1C87F47F0091844C /* DebugServer.swift */; };
		41EE368A1C87F5010091844C /* Environment.swift in Sources */ = {isa = PBXBuildFile; fileRef = 41EE365C1C87F47F0091844C /* Environment.swift */; };
		41EE368B1C87F5010091844C /* Exception.swift in Sources */ = {isa = PBXBuildFile; fileRef = 41EE365D1C87F47F0091844C /* Exception.swift */; };
		41EE368C1C87F5010091844C /* InputStream.swift in Sources */ = {isa = PBXBuildFile; fileRef = 41EE365E1C87F47F0091844C /* InputStream.swift */; };
		41EE368D1C87F5010091844C /* OutputStream.swift in Sources */ = {isa = PBXBuildFile; fileRef = 41EE365F1C87F47F0091844C /* OutputStream.swift */; };
		41EE368E1C87F5010091844C /* ProtocolConstant.swift in Sources */ = {isa = PBXBuildFile; fileRef = 41EE36601C87F47F0091844C /* ProtocolConstant.swift */; };
		41EE368F1C87F5010091844C /* Record.swift in Sources */ = {isa = PBXBuildFile; fileRef = 41EE36611C87F47F0091844C /* Record.swift */; };
		41EE36901C87F5010091844C /* Request.swift in Sources */ = {isa = PBXBuildFile; fileRef = 41EE36621C87F47F0091844C /* Request.swift */; };
		41EE36911C87F5010091844C /* Server.swift in Sources */ = {isa = PBXBuildFile; fileRef = 41EE36631C87F47F0091844C /* Server.swift */; };
		41EE36921C87F5010091844C /* SingleConnection.swift in Sources */ = {isa = PBXBuildFile; fileRef = 41EE36641C87F47F0091844C /* SingleConnection.swift */; };
		41EE36931C87F5010091844C /* Socket.swift in Sources */ = {isa = PBXBuildFile; fileRef = 41EE36651C87F47F0091844C /* Socket.swift */; };
		41EE36941C87F5010091844C /* String+BytesConvert.swift in Sources */ = {isa = PBXBuildFile; fileRef = 41EE36661C87F47F0091844C /* String+BytesConvert.swift */; };
		41EE36951C87F5010091844C /* Utils.swift in Sources */ = {isa = PBXBuildFile; fileRef = 41EE36671C87F47F0091844C /* Utils.swift */; };
/* End PBXBuildFile section */

/* Begin PBXCopyFilesBuildPhase section */
		41EE364A1C87F4740091844C /* CopyFiles */ = {
			isa = PBXCopyFilesBuildPhase;
			buildActionMask = 2147483647;
			dstPath = /usr/share/man/man1/;
			dstSubfolderSpec = 0;
			files = (
			);
			runOnlyForDeploymentPostprocessing = 1;
		};
/* End PBXCopyFilesBuildPhase section */

/* Begin PBXFileReference section */
		41EE364C1C87F4740091844C /* XcodeProject */ = {isa = PBXFileReference; explicitFileType = "compiled.mach-o.executable"; includeInIndex = 0; path = XcodeProject; sourceTree = BUILT_PRODUCTS_DIR; };
		41EE364F1C87F4740091844C /* main.swift */ = {isa = PBXFileReference; lastKnownFileType = sourcecode.swift; path = main.swift; sourceTree = "<group>"; };
		41EE36571C87F47F0091844C /* Application.swift */ = {isa = PBXFileReference; fileEncoding = 4; lastKnownFileType = sourcecode.swift; path = Application.swift; sourceTree = "<group>"; };
		41EE36581C87F47F0091844C /* BufferedInputStream.swift */ = {isa = PBXFileReference; fileEncoding = 4; lastKnownFileType = sourcecode.swift; path = BufferedInputStream.swift; sourceTree = "<group>"; };
		41EE36591C87F47F0091844C /* BufferedOutputStream.swift */ = {isa = PBXFileReference; fileEncoding = 4; lastKnownFileType = sourcecode.swift; path = BufferedOutputStream.swift; sourceTree = "<group>"; };
		41EE365A1C87F47F0091844C /* Connection.swift */ = {isa = PBXFileReference; fileEncoding = 4; lastKnownFileType = sourcecode.swift; path = Connection.swift; sourceTree = "<group>"; };
		41EE365B1C87F47F0091844C /* DebugServer.swift */ = {isa = PBXFileReference; fileEncoding = 4; lastKnownFileType = sourcecode.swift; path = DebugServer.swift; sourceTree = "<group>"; };
		41EE365C1C87F47F0091844C /* Environment.swift */ = {isa = PBXFileReference; fileEncoding = 4; lastKnownFileType = sourcecode.swift; path = Environment.swift; sourceTree = "<group>"; };
		41EE365D1C87F47F0091844C /* Exception.swift */ = {isa = PBXFileReference; fileEncoding = 4; lastKnownFileType = sourcecode.swift; path = Exception.swift; sourceTree = "<group>"; };
		41EE365E1C87F47F0091844C /* InputStream.swift */ = {isa = PBXFileReference; fileEncoding = 4; lastKnownFileType = sourcecode.swift; path = InputStream.swift; sourceTree = "<group>"; };
		41EE365F1C87F47F0091844C /* OutputStream.swift */ = {isa = PBXFileReference; fileEncoding = 4; lastKnownFileType = sourcecode.swift; path = OutputStream.swift; sourceTree = "<group>"; };
		41EE36601C87F47F0091844C /* ProtocolConstant.swift */ = {isa = PBXFileReference; fileEncoding = 4; lastKnownFileType = sourcecode.swift; path = ProtocolConstant.swift; sourceTree = "<group>"; };
		41EE36611C87F47F0091844C /* Record.swift */ = {isa = PBXFileReference; fileEncoding = 4; lastKnownFileType = sourcecode.swift; path = Record.swift; sourceTree = "<group>"; };
		41EE36621C87F47F0091844C /* Request.swift */ = {isa = PBXFileReference; fileEncoding = 4; lastKnownFileType = sourcecode.swift; path = Request.swift; sourceTree = "<group>"; };
		41EE36631C87F47F0091844C /* Server.swift */ = {isa = PBXFileReference; fileEncoding = 4; lastKnownFileType = sourcecode.swift; path = Server.swift; sourceTree = "<group>"; };
		41EE36641C87F47F0091844C /* SingleConnection.swift */ = {isa = PBXFileReference; fileEncoding = 4; lastKnownFileType = sourcecode.swift; path = SingleConnection.swift; sourceTree = "<group>"; };
		41EE36651C87F47F0091844C /* Socket.swift */ = {isa = PBXFileReference; fileEncoding = 4; lastKnownFileType = sourcecode.swift; path = Socket.swift; sourceTree = "<group>"; };
		41EE36661C87F47F0091844C /* String+BytesConvert.swift */ = {isa = PBXFileReference; fileEncoding = 4; lastKnownFileType = sourcecode.swift; path = "String+BytesConvert.swift"; sourceTree = "<group>"; };
		41EE36671C87F47F0091844C /* Utils.swift */ = {isa = PBXFileReference; fileEncoding = 4; lastKnownFileType = sourcecode.swift; path = Utils.swift; sourceTree = "<group>"; };
		41EE367D1C87F4F20091844C /* UnitTests.xctest */ = {isa = PBXFileReference; explicitFileType = wrapper.cfbundle; includeInIndex = 0; path = UnitTests.xctest; sourceTree = BUILT_PRODUCTS_DIR; };
		41EE367F1C87F4F20091844C /* UnitTests.swift */ = {isa = PBXFileReference; lastKnownFileType = sourcecode.swift; path = UnitTests.swift; sourceTree = "<group>"; };
		41EE36811C87F4F20091844C /* Info.plist */ = {isa = PBXFileReference; lastKnownFileType = text.plist.xml; path = Info.plist; sourceTree = "<group>"; };
/* End PBXFileReference section */

/* Begin PBXFrameworksBuildPhase section */
		41EE36491C87F4740091844C /* Frameworks */ = {
			isa = PBXFrameworksBuildPhase;
			buildActionMask = 2147483647;
			files = (
			);
			runOnlyForDeploymentPostprocessing = 0;
		};
		41EE367A1C87F4F20091844C /* Frameworks */ = {
			isa = PBXFrameworksBuildPhase;
			buildActionMask = 2147483647;
			files = (
			);
			runOnlyForDeploymentPostprocessing = 0;
		};
/* End PBXFrameworksBuildPhase section */

/* Begin PBXGroup section */
		41EE36431C87F4740091844C = {
			isa = PBXGroup;
			children = (
				41EE36561C87F47F0091844C /* Sources */,
				41EE364E1C87F4740091844C /* XcodeProject */,
				41EE367E1C87F4F20091844C /* UnitTests */,
				41EE364D1C87F4740091844C /* Products */,
			);
			sourceTree = "<group>";
		};
		41EE364D1C87F4740091844C /* Products */ = {
			isa = PBXGroup;
			children = (
				41EE364C1C87F4740091844C /* XcodeProject */,
				41EE367D1C87F4F20091844C /* UnitTests.xctest */,
			);
			name = Products;
			sourceTree = "<group>";
		};
		41EE364E1C87F4740091844C /* XcodeProject */ = {
			isa = PBXGroup;
			children = (
				41EE364F1C87F4740091844C /* main.swift */,
			);
			path = XcodeProject;
			sourceTree = "<group>";
		};
		41EE36561C87F47F0091844C /* Sources */ = {
			isa = PBXGroup;
			children = (
				41EE36571C87F47F0091844C /* Application.swift */,
				41EE36581C87F47F0091844C /* BufferedInputStream.swift */,
				41EE36591C87F47F0091844C /* BufferedOutputStream.swift */,
				41EE365A1C87F47F0091844C /* Connection.swift */,
				41EE365B1C87F47F0091844C /* DebugServer.swift */,
				41EE365C1C87F47F0091844C /* Environment.swift */,
				41EE365D1C87F47F0091844C /* Exception.swift */,
				41EE365E1C87F47F0091844C /* InputStream.swift */,
				41EE365F1C87F47F0091844C /* OutputStream.swift */,
				41EE36601C87F47F0091844C /* ProtocolConstant.swift */,
				41EE36611C87F47F0091844C /* Record.swift */,
				41EE36621C87F47F0091844C /* Request.swift */,
				41EE36631C87F47F0091844C /* Server.swift */,
				41EE36641C87F47F0091844C /* SingleConnection.swift */,
				41EE36651C87F47F0091844C /* Socket.swift */,
				41EE36661C87F47F0091844C /* String+BytesConvert.swift */,
				41EE36671C87F47F0091844C /* Utils.swift */,
			);
			name = Sources;
			path = ../Sources;
			sourceTree = "<group>";
		};
		41EE367E1C87F4F20091844C /* UnitTests */ = {
			isa = PBXGroup;
			children = (
				41EE367F1C87F4F20091844C /* UnitTests.swift */,
				41EE36811C87F4F20091844C /* Info.plist */,
			);
			path = UnitTests;
			sourceTree = "<group>";
		};
/* End PBXGroup section */

/* Begin PBXNativeTarget section */
		41EE364B1C87F4740091844C /* XcodeProject */ = {
			isa = PBXNativeTarget;
			buildConfigurationList = 41EE36531C87F4740091844C /* Build configuration list for PBXNativeTarget "XcodeProject" */;
			buildPhases = (
				41EE36481C87F4740091844C /* Sources */,
				41EE36491C87F4740091844C /* Frameworks */,
				41EE364A1C87F4740091844C /* CopyFiles */,
			);
			buildRules = (
			);
			dependencies = (
			);
			name = XcodeProject;
			productName = XcodeProject;
			productReference = 41EE364C1C87F4740091844C /* XcodeProject */;
			productType = "com.apple.product-type.tool";
		};
		41EE367C1C87F4F20091844C /* UnitTests */ = {
			isa = PBXNativeTarget;
			buildConfigurationList = 41EE36821C87F4F20091844C /* Build configuration list for PBXNativeTarget "UnitTests" */;
			buildPhases = (
				41EE36791C87F4F20091844C /* Sources */,
				41EE367A1C87F4F20091844C /* Frameworks */,
				41EE367B1C87F4F20091844C /* Resources */,
			);
			buildRules = (
			);
			dependencies = (
			);
			name = UnitTests;
			productName = UnitTests;
			productReference = 41EE367D1C87F4F20091844C /* UnitTests.xctest */;
			productType = "com.apple.product-type.bundle.unit-test";
		};
/* End PBXNativeTarget section */

/* Begin PBXProject section */
		41EE36441C87F4740091844C /* Project object */ = {
			isa = PBXProject;
			attributes = {
				LastSwiftUpdateCheck = 0720;
				LastUpgradeCheck = 0720;
				ORGANIZATIONNAME = Tqtifnypmb;
				TargetAttributes = {
					41EE364B1C87F4740091844C = {
						CreatedOnToolsVersion = 7.2;
					};
					41EE367C1C87F4F20091844C = {
						CreatedOnToolsVersion = 7.2;
					};
				};
			};
			buildConfigurationList = 41EE36471C87F4740091844C /* Build configuration list for PBXProject "XcodeProject" */;
			compatibilityVersion = "Xcode 3.2";
			developmentRegion = English;
			hasScannedForEncodings = 0;
			knownRegions = (
				en,
			);
			mainGroup = 41EE36431C87F4740091844C;
			productRefGroup = 41EE364D1C87F4740091844C /* Products */;
			projectDirPath = "";
			projectRoot = "";
			targets = (
				41EE364B1C87F4740091844C /* XcodeProject */,
				41EE367C1C87F4F20091844C /* UnitTests */,
			);
		};
/* End PBXProject section */

/* Begin PBXResourcesBuildPhase section */
		41EE367B1C87F4F20091844C /* Resources */ = {
			isa = PBXResourcesBuildPhase;
			buildActionMask = 2147483647;
			files = (
			);
			runOnlyForDeploymentPostprocessing = 0;
		};
/* End PBXResourcesBuildPhase section */

/* Begin PBXSourcesBuildPhase section */
		41EE36481C87F4740091844C /* Sources */ = {
			isa = PBXSourcesBuildPhase;
			buildActionMask = 2147483647;
			files = (
				41EE36771C87F47F0091844C /* String+BytesConvert.swift in Sources */,
				41EE36761C87F47F0091844C /* Socket.swift in Sources */,
				41EE36741C87F47F0091844C /* Server.swift in Sources */,
				41EE36691C87F47F0091844C /* BufferedInputStream.swift in Sources */,
				41EE36731C87F47F0091844C /* Request.swift in Sources */,
				41EE366E1C87F47F0091844C /* Exception.swift in Sources */,
				41EE36721C87F47F0091844C /* Record.swift in Sources */,
				41EE36701C87F47F0091844C /* OutputStream.swift in Sources */,
				41EE36751C87F47F0091844C /* SingleConnection.swift in Sources */,
				41EE366A1C87F47F0091844C /* BufferedOutputStream.swift in Sources */,
				41EE366C1C87F47F0091844C /* DebugServer.swift in Sources */,
				41EE36781C87F47F0091844C /* Utils.swift in Sources */,
				41EE366F1C87F47F0091844C /* InputStream.swift in Sources */,
				41EE366D1C87F47F0091844C /* Environment.swift in Sources */,
				41EE366B1C87F47F0091844C /* Connection.swift in Sources */,
				41EE36681C87F47F0091844C /* Application.swift in Sources */,
				41EE36711C87F47F0091844C /* ProtocolConstant.swift in Sources */,
				41EE36501C87F4740091844C /* main.swift in Sources */,
			);
			runOnlyForDeploymentPostprocessing = 0;
		};
		41EE36791C87F4F20091844C /* Sources */ = {
			isa = PBXSourcesBuildPhase;
			buildActionMask = 2147483647;
			files = (
				41EE36851C87F5010091844C /* Application.swift in Sources */,
				41EE36861C87F5010091844C /* BufferedInputStream.swift in Sources */,
				41EE36871C87F5010091844C /* BufferedOutputStream.swift in Sources */,
				41EE36881C87F5010091844C /* Connection.swift in Sources */,
				41EE36891C87F5010091844C /* DebugServer.swift in Sources */,
				41EE368A1C87F5010091844C /* Environment.swift in Sources */,
				41EE368B1C87F5010091844C /* Exception.swift in Sources */,
				41EE368C1C87F5010091844C /* InputStream.swift in Sources */,
				41EE368D1C87F5010091844C /* OutputStream.swift in Sources */,
				41EE368E1C87F5010091844C /* ProtocolConstant.swift in Sources */,
				41EE368F1C87F5010091844C /* Record.swift in Sources */,
				41EE36901C87F5010091844C /* Request.swift in Sources */,
				41EE36911C87F5010091844C /* Server.swift in Sources */,
				41EE36921C87F5010091844C /* SingleConnection.swift in Sources */,
				41EE36931C87F5010091844C /* Socket.swift in Sources */,
				41EE36941C87F5010091844C /* String+BytesConvert.swift in Sources */,
				41EE36951C87F5010091844C /* Utils.swift in Sources */,
				41EE36801C87F4F20091844C /* UnitTests.swift in Sources */,
			);
			runOnlyForDeploymentPostprocessing = 0;
		};
/* End PBXSourcesBuildPhase section */

/* Begin XCBuildConfiguration section */
		41EE36511C87F4740091844C /* Debug */ = {
			isa = XCBuildConfiguration;
			buildSettings = {
				ALWAYS_SEARCH_USER_PATHS = NO;
				CLANG_CXX_LANGUAGE_STANDARD = "gnu++0x";
				CLANG_CXX_LIBRARY = "libc++";
				CLANG_ENABLE_MODULES = YES;
				CLANG_ENABLE_OBJC_ARC = YES;
				CLANG_WARN_BOOL_CONVERSION = YES;
				CLANG_WARN_CONSTANT_CONVERSION = YES;
				CLANG_WARN_DIRECT_OBJC_ISA_USAGE = YES_ERROR;
				CLANG_WARN_EMPTY_BODY = YES;
				CLANG_WARN_ENUM_CONVERSION = YES;
				CLANG_WARN_INT_CONVERSION = YES;
				CLANG_WARN_OBJC_ROOT_CLASS = YES_ERROR;
				CLANG_WARN_UNREACHABLE_CODE = YES;
				CLANG_WARN__DUPLICATE_METHOD_MATCH = YES;
				CODE_SIGN_IDENTITY = "-";
				COPY_PHASE_STRIP = NO;
				DEBUG_INFORMATION_FORMAT = dwarf;
				ENABLE_STRICT_OBJC_MSGSEND = YES;
				ENABLE_TESTABILITY = YES;
				GCC_C_LANGUAGE_STANDARD = gnu99;
				GCC_DYNAMIC_NO_PIC = NO;
				GCC_NO_COMMON_BLOCKS = YES;
				GCC_OPTIMIZATION_LEVEL = 0;
				GCC_PREPROCESSOR_DEFINITIONS = (
					"DEBUG=1",
					"$(inherited)",
				);
				GCC_WARN_64_TO_32_BIT_CONVERSION = YES;
				GCC_WARN_ABOUT_RETURN_TYPE = YES_ERROR;
				GCC_WARN_UNDECLARED_SELECTOR = YES;
				GCC_WARN_UNINITIALIZED_AUTOS = YES_AGGRESSIVE;
				GCC_WARN_UNUSED_FUNCTION = YES;
				GCC_WARN_UNUSED_VARIABLE = YES;
				MACOSX_DEPLOYMENT_TARGET = 10.11;
				MTL_ENABLE_DEBUG_INFO = YES;
				ONLY_ACTIVE_ARCH = YES;
				SDKROOT = macosx;
				SWIFT_OPTIMIZATION_LEVEL = "-Onone";
			};
			name = Debug;
		};
		41EE36521C87F4740091844C /* Release */ = {
			isa = XCBuildConfiguration;
			buildSettings = {
				ALWAYS_SEARCH_USER_PATHS = NO;
				CLANG_CXX_LANGUAGE_STANDARD = "gnu++0x";
				CLANG_CXX_LIBRARY = "libc++";
				CLANG_ENABLE_MODULES = YES;
				CLANG_ENABLE_OBJC_ARC = YES;
				CLANG_WARN_BOOL_CONVERSION = YES;
				CLANG_WARN_CONSTANT_CONVERSION = YES;
				CLANG_WARN_DIRECT_OBJC_ISA_USAGE = YES_ERROR;
				CLANG_WARN_EMPTY_BODY = YES;
				CLANG_WARN_ENUM_CONVERSION = YES;
				CLANG_WARN_INT_CONVERSION = YES;
				CLANG_WARN_OBJC_ROOT_CLASS = YES_ERROR;
				CLANG_WARN_UNREACHABLE_CODE = YES;
				CLANG_WARN__DUPLICATE_METHOD_MATCH = YES;
				CODE_SIGN_IDENTITY = "-";
				COPY_PHASE_STRIP = NO;
				DEBUG_INFORMATION_FORMAT = "dwarf-with-dsym";
				ENABLE_NS_ASSERTIONS = NO;
				ENABLE_STRICT_OBJC_MSGSEND = YES;
				GCC_C_LANGUAGE_STANDARD = gnu99;
				GCC_NO_COMMON_BLOCKS = YES;
				GCC_WARN_64_TO_32_BIT_CONVERSION = YES;
				GCC_WARN_ABOUT_RETURN_TYPE = YES_ERROR;
				GCC_WARN_UNDECLARED_SELECTOR = YES;
				GCC_WARN_UNINITIALIZED_AUTOS = YES_AGGRESSIVE;
				GCC_WARN_UNUSED_FUNCTION = YES;
				GCC_WARN_UNUSED_VARIABLE = YES;
				MACOSX_DEPLOYMENT_TARGET = 10.11;
				MTL_ENABLE_DEBUG_INFO = NO;
				SDKROOT = macosx;
			};
			name = Release;
		};
		41EE36541C87F4740091844C /* Debug */ = {
			isa = XCBuildConfiguration;
			buildSettings = {
				PRODUCT_NAME = "$(TARGET_NAME)";
			};
			name = Debug;
		};
		41EE36551C87F4740091844C /* Release */ = {
			isa = XCBuildConfiguration;
			buildSettings = {
				PRODUCT_NAME = "$(TARGET_NAME)";
			};
			name = Release;
		};
		41EE36831C87F4F20091844C /* Debug */ = {
			isa = XCBuildConfiguration;
			buildSettings = {
				COMBINE_HIDPI_IMAGES = YES;
				INFOPLIST_FILE = UnitTests/Info.plist;
				LD_RUNPATH_SEARCH_PATHS = "$(inherited) @executable_path/../Frameworks @loader_path/../Frameworks";
				PRODUCT_BUNDLE_IDENTIFIER = tqtifnypmb.UnitTests;
				PRODUCT_NAME = "$(TARGET_NAME)";
			};
			name = Debug;
		};
		41EE36841C87F4F20091844C /* Release */ = {
			isa = XCBuildConfiguration;
			buildSettings = {
				COMBINE_HIDPI_IMAGES = YES;
				INFOPLIST_FILE = UnitTests/Info.plist;
				LD_RUNPATH_SEARCH_PATHS = "$(inherited) @executable_path/../Frameworks @loader_path/../Frameworks";
				PRODUCT_BUNDLE_IDENTIFIER = tqtifnypmb.UnitTests;
				PRODUCT_NAME = "$(TARGET_NAME)";
			};
			name = Release;
		};
/* End XCBuildConfiguration section */

/* Begin XCConfigurationList section */
		41EE36471C87F4740091844C /* Build configuration list for PBXProject "XcodeProject" */ = {
			isa = XCConfigurationList;
			buildConfigurations = (
				41EE36511C87F4740091844C /* Debug */,
				41EE36521C87F4740091844C /* Release */,
			);
			defaultConfigurationIsVisible = 0;
			defaultConfigurationName = Release;
		};
		41EE36531C87F4740091844C /* Build configuration list for PBXNativeTarget "XcodeProject" */ = {
			isa = XCConfigurationList;
			buildConfigurations = (
				41EE36541C87F4740091844C /* Debug */,
				41EE36551C87F4740091844C /* Release */,
			);
			defaultConfigurationIsVisible = 0;
		};
		41EE36821C87F4F20091844C /* Build configuration list for PBXNativeTarget "UnitTests" */ = {
			isa = XCConfigurationList;
			buildConfigurations = (
				41EE36831C87F4F20091844C /* Debug */,
				41EE36841C87F4F20091844C /* Release */,
			);
			defaultConfigurationIsVisible = 0;
		};
/* End XCConfigurationList section */
	};
	rootObject = 41EE36441C87F4740091844C /* Project object */;
}
